// !$*UTF8*$!
{
	archiveVersion = 1;
	classes = {
	};
	objectVersion = 46;
	objects = {

/* Begin PBXBuildFile section */
		02041B7F1AE8BD1100B09561 /* TTWoLableTableViewCell.m in Sources */ = {isa = PBXBuildFile; fileRef = 02041B7E1AE8BD1100B09561 /* TTWoLableTableViewCell.m */; };
		02041B801AE8BD1100B09561 /* TTWoLableTableViewCell.m in Sources */ = {isa = PBXBuildFile; fileRef = 02041B7E1AE8BD1100B09561 /* TTWoLableTableViewCell.m */; };
		02041B831AE8BD1E00B09561 /* TTWoButtonTableViewCell.m in Sources */ = {isa = PBXBuildFile; fileRef = 02041B821AE8BD1E00B09561 /* TTWoButtonTableViewCell.m */; };
		02041B841AE8BD1E00B09561 /* TTWoButtonTableViewCell.m in Sources */ = {isa = PBXBuildFile; fileRef = 02041B821AE8BD1E00B09561 /* TTWoButtonTableViewCell.m */; };
		02041B871AE8BD2800B09561 /* TTWoBackTableViewCell.m in Sources */ = {isa = PBXBuildFile; fileRef = 02041B861AE8BD2800B09561 /* TTWoBackTableViewCell.m */; };
		02041B881AE8BD2800B09561 /* TTWoBackTableViewCell.m in Sources */ = {isa = PBXBuildFile; fileRef = 02041B861AE8BD2800B09561 /* TTWoBackTableViewCell.m */; };
		02041B8F1AE8D9C800B09561 /* CoreLocation.framework in Frameworks */ = {isa = PBXBuildFile; fileRef = 02041B8E1AE8D9C800B09561 /* CoreLocation.framework */; };
		020999D81AE91DC800093608 /* citydict.plist in Resources */ = {isa = PBXBuildFile; fileRef = 020999D51AE91DC800093608 /* citydict.plist */; };
		020999D91AE91DC800093608 /* citydict.plist in Resources */ = {isa = PBXBuildFile; fileRef = 020999D51AE91DC800093608 /* citydict.plist */; };
		020999DA1AE91DC800093608 /* CityListViewController.m in Sources */ = {isa = PBXBuildFile; fileRef = 020999D71AE91DC800093608 /* CityListViewController.m */; };
		020999DB1AE91DC800093608 /* CityListViewController.m in Sources */ = {isa = PBXBuildFile; fileRef = 020999D71AE91DC800093608 /* CityListViewController.m */; };
		02240C971AE6398F00EEB7AF /* ZaoJiaoStoryboard.storyboard in Resources */ = {isa = PBXBuildFile; fileRef = 02240C961AE6398F00EEB7AF /* ZaoJiaoStoryboard.storyboard */; };
		02240C9B1AE639B500EEB7AF /* LaMaJieStoryboard.storyboard in Resources */ = {isa = PBXBuildFile; fileRef = 02240C9A1AE639B500EEB7AF /* LaMaJieStoryboard.storyboard */; };
		02240C9D1AE639C000EEB7AF /* WoStoryboard.storyboard in Resources */ = {isa = PBXBuildFile; fileRef = 02240C9C1AE639C000EEB7AF /* WoStoryboard.storyboard */; };
		02240CA01AE639DC00EEB7AF /* TTZaojiaoViewController.m in Sources */ = {isa = PBXBuildFile; fileRef = 02240C9F1AE639DC00EEB7AF /* TTZaojiaoViewController.m */; };
		02240CA61AE639FB00EEB7AF /* TTLaMaViewController.m in Sources */ = {isa = PBXBuildFile; fileRef = 02240CA51AE639FB00EEB7AF /* TTLaMaViewController.m */; };
		02240CA91AE63A1900EEB7AF /* TTWoViewController.m in Sources */ = {isa = PBXBuildFile; fileRef = 02240CA81AE63A1900EEB7AF /* TTWoViewController.m */; };
		02BFC4E61ADF662500D0DF30 /* AFAppDotNetAPIClient.m in Sources */ = {isa = PBXBuildFile; fileRef = 02BFC4E31ADF662500D0DF30 /* AFAppDotNetAPIClient.m */; };
		02BFC4E71ADF662500D0DF30 /* AFNetworkActivityLogger.m in Sources */ = {isa = PBXBuildFile; fileRef = 02BFC4E51ADF662500D0DF30 /* AFNetworkActivityLogger.m */; };
		02BFC4EC1ADF668100D0DF30 /* JSONHelper.m in Sources */ = {isa = PBXBuildFile; fileRef = 02BFC4E91ADF668100D0DF30 /* JSONHelper.m */; };
		02BFC4ED1ADF668100D0DF30 /* NetworkHelper.m in Sources */ = {isa = PBXBuildFile; fileRef = 02BFC4EB1ADF668100D0DF30 /* NetworkHelper.m */; };
		02BFC4F31ADF689900D0DF30 /* FileManagerHelper.m in Sources */ = {isa = PBXBuildFile; fileRef = 02BFC4F21ADF689900D0DF30 /* FileManagerHelper.m */; };
		02BFC55E1ADF7A3700D0DF30 /* AlipayRequestConfig.m in Sources */ = {isa = PBXBuildFile; fileRef = 02BFC4F81ADF7A3700D0DF30 /* AlipayRequestConfig.m */; };
		02BFC55F1ADF7A3700D0DF30 /* Order.m in Sources */ = {isa = PBXBuildFile; fileRef = 02BFC5461ADF7A3700D0DF30 /* Order.m */; settings = {COMPILER_FLAGS = "-fno-objc-arc"; }; };
		02BFC5601ADF7A3700D0DF30 /* base64.m in Sources */ = {isa = PBXBuildFile; fileRef = 02BFC5491ADF7A3700D0DF30 /* base64.m */; };
		02BFC5611ADF7A3700D0DF30 /* DataSigner.m in Sources */ = {isa = PBXBuildFile; fileRef = 02BFC54C1ADF7A3700D0DF30 /* DataSigner.m */; };
		02BFC5621ADF7A3700D0DF30 /* DataVerifier.m in Sources */ = {isa = PBXBuildFile; fileRef = 02BFC54E1ADF7A3700D0DF30 /* DataVerifier.m */; };
		02BFC5631ADF7A3700D0DF30 /* MD5DataSigner.m in Sources */ = {isa = PBXBuildFile; fileRef = 02BFC5501ADF7A3700D0DF30 /* MD5DataSigner.m */; };
		02BFC5641ADF7A3700D0DF30 /* NSDataEx.m in Sources */ = {isa = PBXBuildFile; fileRef = 02BFC5521ADF7A3700D0DF30 /* NSDataEx.m */; };
		02BFC5651ADF7A3700D0DF30 /* openssl_wrapper.m in Sources */ = {isa = PBXBuildFile; fileRef = 02BFC5541ADF7A3700D0DF30 /* openssl_wrapper.m */; };
		02BFC5661ADF7A3700D0DF30 /* RSADataSigner.m in Sources */ = {isa = PBXBuildFile; fileRef = 02BFC5561ADF7A3700D0DF30 /* RSADataSigner.m */; };
		02BFC5671ADF7A3700D0DF30 /* RSADataVerifier.m in Sources */ = {isa = PBXBuildFile; fileRef = 02BFC5581ADF7A3700D0DF30 /* RSADataVerifier.m */; };
		02BFC5681ADF7A3700D0DF30 /* AlipaySDK.bundle in Resources */ = {isa = PBXBuildFile; fileRef = 02BFC55A1ADF7A3700D0DF30 /* AlipaySDK.bundle */; };
		02BFC5691ADF7A3700D0DF30 /* AlipaySDK.framework in Frameworks */ = {isa = PBXBuildFile; fileRef = 02BFC55B1ADF7A3700D0DF30 /* AlipaySDK.framework */; };
		02BFC56A1ADF7A3700D0DF30 /* libcrypto.a in Frameworks */ = {isa = PBXBuildFile; fileRef = 02BFC55C1ADF7A3700D0DF30 /* libcrypto.a */; };
		02BFC56B1ADF7A3700D0DF30 /* libssl.a in Frameworks */ = {isa = PBXBuildFile; fileRef = 02BFC55D1ADF7A3700D0DF30 /* libssl.a */; };
		02BFC56D1ADF7B1E00D0DF30 /* SystemConfiguration.framework in Frameworks */ = {isa = PBXBuildFile; fileRef = 02BFC56C1ADF7B1E00D0DF30 /* SystemConfiguration.framework */; };
		02BFC57E1ADF903500D0DF30 /* CoreDataStorageController.m in Sources */ = {isa = PBXBuildFile; fileRef = 02BFC5761ADF903500D0DF30 /* CoreDataStorageController.m */; };
		0F6AE2E71AE7765B0004AD05 /* TTTabBarController.m in Sources */ = {isa = PBXBuildFile; fileRef = 0F6AE2E61AE7765B0004AD05 /* TTTabBarController.m */; };
		0F7C06CC1AEA1B120020ACBA /* LamaModel.m in Sources */ = {isa = PBXBuildFile; fileRef = 0F7C06CB1AEA1B120020ACBA /* LamaModel.m */; };
		0F7C06CF1AEA216C0020ACBA /* LamaTotalModel.m in Sources */ = {isa = PBXBuildFile; fileRef = 0F7C06CE1AEA216C0020ACBA /* LamaTotalModel.m */; };
		0F7C06D21AEA2A0C0020ACBA /* LamaTableViewCell.m in Sources */ = {isa = PBXBuildFile; fileRef = 0F7C06D11AEA2A0C0020ACBA /* LamaTableViewCell.m */; };
		1D018E0F1AE15F8900696F25 /* TTBaseViewController.m in Sources */ = {isa = PBXBuildFile; fileRef = 1D018E0E1AE15F8900696F25 /* TTBaseViewController.m */; };
		1D018E141AE1622900696F25 /* UserModel.m in Sources */ = {isa = PBXBuildFile; fileRef = 1D018E131AE1622900696F25 /* UserModel.m */; };
		1D018E181AE1AC1600696F25 /* UIAlertView+MoreAttribute.m in Sources */ = {isa = PBXBuildFile; fileRef = 1D018E171AE1AC1600696F25 /* UIAlertView+MoreAttribute.m */; };
		1D018E1C1AE1C91A00696F25 /* TTUserModelTool.m in Sources */ = {isa = PBXBuildFile; fileRef = 1D018E1B1AE1C91A00696F25 /* TTUserModelTool.m */; };
		1D018E311AE20DE300696F25 /* TTBaseNavgationController.m in Sources */ = {isa = PBXBuildFile; fileRef = 1D018E301AE20DE300696F25 /* TTBaseNavgationController.m */; };
		1D018E341AE20E0F00696F25 /* TTBaseTableViewController.m in Sources */ = {isa = PBXBuildFile; fileRef = 1D018E331AE20E0F00696F25 /* TTBaseTableViewController.m */; };
		1D018E381AE20EC500696F25 /* TTNavigationController.m in Sources */ = {isa = PBXBuildFile; fileRef = 1D018E371AE20EC500696F25 /* TTNavigationController.m */; };
		1D018E3B1AE20EEA00696F25 /* TTRegeistViewController.m in Sources */ = {isa = PBXBuildFile; fileRef = 1D018E3A1AE20EEA00696F25 /* TTRegeistViewController.m */; };
		1D1F2C021AE09A66004F851D /* TTLogRegViewController.m in Sources */ = {isa = PBXBuildFile; fileRef = 1D1F2C011AE09A66004F851D /* TTLogRegViewController.m */; };
		1D1F2C061AE0AECB004F851D /* TTLogonViewController.m in Sources */ = {isa = PBXBuildFile; fileRef = 1D1F2C051AE0AECA004F851D /* TTLogonViewController.m */; };
		1D3FE2B91AEE8708006D66FC /* TTBlogFrame.m in Sources */ = {isa = PBXBuildFile; fileRef = 1D3FE2B81AEE8708006D66FC /* TTBlogFrame.m */; };
		1D3FE2BC1AEE8712006D66FC /* TTDynamicUserStatusTopView.m in Sources */ = {isa = PBXBuildFile; fileRef = 1D3FE2BB1AEE8712006D66FC /* TTDynamicUserStatusTopView.m */; };
		1D3FE2BF1AEE8718006D66FC /* TTDyanmicUserStautsCell.m in Sources */ = {isa = PBXBuildFile; fileRef = 1D3FE2BE1AEE8718006D66FC /* TTDyanmicUserStautsCell.m */; };
		1D3FE2C21AEE8818006D66FC /* UIImageView+MoreAttribute.m in Sources */ = {isa = PBXBuildFile; fileRef = 1D3FE2C11AEE8818006D66FC /* UIImageView+MoreAttribute.m */; };
		1D44C8901AEEE10100D2FC93 /* TTDaynamicUserStatusZancountView.m in Sources */ = {isa = PBXBuildFile; fileRef = 1D44C88F1AEEE10100D2FC93 /* TTDaynamicUserStatusZancountView.m */; };
		1D44C8931AEF210700D2FC93 /* TTDynamicPhotosView.m in Sources */ = {isa = PBXBuildFile; fileRef = 1D44C8921AEF210700D2FC93 /* TTDynamicPhotosView.m */; };
		1D44C8991AEF3AD200D2FC93 /* TTCommentFrame.m in Sources */ = {isa = PBXBuildFile; fileRef = 1D44C8981AEF3AD200D2FC93 /* TTCommentFrame.m */; };
		1D44C89C1AEF3D9D00D2FC93 /* TTDynamicCommentView.m in Sources */ = {isa = PBXBuildFile; fileRef = 1D44C89B1AEF3D9D00D2FC93 /* TTDynamicCommentView.m */; };
		1D44C89F1AEF411A00D2FC93 /* TTDynamicCommentsView.m in Sources */ = {isa = PBXBuildFile; fileRef = 1D44C89E1AEF411A00D2FC93 /* TTDynamicCommentsView.m */; };
		1D4754FA1AEB2450004EDEED /* DongTaiStoryboard.storyboard in Resources */ = {isa = PBXBuildFile; fileRef = 1D4754F91AEB2450004EDEED /* DongTaiStoryboard.storyboard */; };
		1D4755091AEB2493004EDEED /* BlogModel.m in Sources */ = {isa = PBXBuildFile; fileRef = 1D4755081AEB2493004EDEED /* BlogModel.m */; };
		1D47550E1AEB317D004EDEED /* BlogReplayModel.m in Sources */ = {isa = PBXBuildFile; fileRef = 1D47550D1AEB317D004EDEED /* BlogReplayModel.m */; };
		1D57E1A81AE6E4A100EA3D35 /* TTCityMngTool.m in Sources */ = {isa = PBXBuildFile; fileRef = 1D57E1A71AE6E4A100EA3D35 /* TTCityMngTool.m */; };
		1D57E1AA1AE74FED00EA3D35 /* CustomDatePicker.xib in Resources */ = {isa = PBXBuildFile; fileRef = 1D57E1A91AE74FED00EA3D35 /* CustomDatePicker.xib */; };
		1D57E1AD1AE7511E00EA3D35 /* CustomDatePicker.m in Sources */ = {isa = PBXBuildFile; fileRef = 1D57E1AC1AE7511E00EA3D35 /* CustomDatePicker.m */; };
		1D60E5E71ADDB392003A632B /* main.m in Sources */ = {isa = PBXBuildFile; fileRef = 1D60E5E61ADDB392003A632B /* main.m */; };
		1D60E5EA1ADDB392003A632B /* AppDelegate.m in Sources */ = {isa = PBXBuildFile; fileRef = 1D60E5E91ADDB392003A632B /* AppDelegate.m */; };
		1D60E5ED1ADDB392003A632B /* TTzaojiao.xcdatamodeld in Sources */ = {isa = PBXBuildFile; fileRef = 1D60E5EB1ADDB392003A632B /* TTzaojiao.xcdatamodeld */; };
		1D60E5F01ADDB392003A632B /* TTMainPageViewController.m in Sources */ = {isa = PBXBuildFile; fileRef = 1D60E5EF1ADDB392003A632B /* TTMainPageViewController.m */; };
		1D60E5F31ADDB392003A632B /* Main.storyboard in Resources */ = {isa = PBXBuildFile; fileRef = 1D60E5F11ADDB392003A632B /* Main.storyboard */; };
		1D60E5F51ADDB392003A632B /* Images.xcassets in Resources */ = {isa = PBXBuildFile; fileRef = 1D60E5F41ADDB392003A632B /* Images.xcassets */; };
		1D60E5F81ADDB392003A632B /* LaunchScreen.xib in Resources */ = {isa = PBXBuildFile; fileRef = 1D60E5F61ADDB392003A632B /* LaunchScreen.xib */; };
		1D60E6041ADDB392003A632B /* TTzaojiaoTests.m in Sources */ = {isa = PBXBuildFile; fileRef = 1D60E6031ADDB392003A632B /* TTzaojiaoTests.m */; };
		1DC7C5CB1AE4B36300346732 /* RegMsgFirst.m in Sources */ = {isa = PBXBuildFile; fileRef = 1DC7C5CA1AE4B36300346732 /* RegMsgFirst.m */; };
		1DC7C5CE1AE502DE00346732 /* UIImage+MoreAttribute.m in Sources */ = {isa = PBXBuildFile; fileRef = 1DC7C5CD1AE502DE00346732 /* UIImage+MoreAttribute.m */; };
		1DC7C5D21AE6331700346732 /* RegMsgSecond.m in Sources */ = {isa = PBXBuildFile; fileRef = 1DC7C5D11AE6331700346732 /* RegMsgSecond.m */; };
		1DD95FB81AED0CB100C15215 /* TTDongTaiViewController.m in Sources */ = {isa = PBXBuildFile; fileRef = 1DD95FB71AED0CB100C15215 /* TTDongTaiViewController.m */; };
		1DDF4E8E1AE26C82004661EB /* TTRealRegisitViewController.m in Sources */ = {isa = PBXBuildFile; fileRef = 1DDF4E8D1AE26C82004661EB /* TTRealRegisitViewController.m */; };
		1DDF4EA91AE3AA7E004661EB /* JSImagePickerViewController.m in Sources */ = {isa = PBXBuildFile; fileRef = 1DDF4EA81AE3AA7E004661EB /* JSImagePickerViewController.m */; };
		1DDF4EB91AE3B712004661EB /* bg_023@2x.png in Resources */ = {isa = PBXBuildFile; fileRef = 1DDF4EAC1AE3B712004661EB /* bg_023@2x.png */; };
		1DDF4EBA1AE3B712004661EB /* btn_020.disable@2x.png in Resources */ = {isa = PBXBuildFile; fileRef = 1DDF4EAD1AE3B712004661EB /* btn_020.disable@2x.png */; };
		1DDF4EBB1AE3B712004661EB /* btn_020.press@2x.png in Resources */ = {isa = PBXBuildFile; fileRef = 1DDF4EAE1AE3B712004661EB /* btn_020.press@2x.png */; };
		1DDF4EBC1AE3B712004661EB /* btn_020@2x.png in Resources */ = {isa = PBXBuildFile; fileRef = 1DDF4EAF1AE3B712004661EB /* btn_020@2x.png */; };
		1DDF4EBD1AE3B712004661EB /* btn_021.disable@2x.png in Resources */ = {isa = PBXBuildFile; fileRef = 1DDF4EB01AE3B712004661EB /* btn_021.disable@2x.png */; };
		1DDF4EBE1AE3B712004661EB /* btn_021.press@2x.png in Resources */ = {isa = PBXBuildFile; fileRef = 1DDF4EB11AE3B712004661EB /* btn_021.press@2x.png */; };
		1DDF4EBF1AE3B712004661EB /* btn_021@2x.png in Resources */ = {isa = PBXBuildFile; fileRef = 1DDF4EB21AE3B712004661EB /* btn_021@2x.png */; };
		1DDF4EC01AE3B712004661EB /* ProvincesAndCities.plist in Resources */ = {isa = PBXBuildFile; fileRef = 1DDF4EB31AE3B712004661EB /* ProvincesAndCities.plist */; };
		1DDF4EC11AE3B712004661EB /* TSLocateView.m in Sources */ = {isa = PBXBuildFile; fileRef = 1DDF4EB51AE3B712004661EB /* TSLocateView.m */; };
		1DDF4EC21AE3B712004661EB /* TSLocateView.xib in Resources */ = {isa = PBXBuildFile; fileRef = 1DDF4EB61AE3B712004661EB /* TSLocateView.xib */; };
		1DDF4EC31AE3B712004661EB /* TSLocation.m in Sources */ = {isa = PBXBuildFile; fileRef = 1DDF4EB81AE3B712004661EB /* TSLocation.m */; };
		33B20F42452F1A1432ECAF26 /* libPods.a in Frameworks */ = {isa = PBXBuildFile; fileRef = 6A3C53EDF178EBFF1A8B6D88 /* libPods.a */; };
/* End PBXBuildFile section */

/* Begin PBXContainerItemProxy section */
		1D60E5FE1ADDB392003A632B /* PBXContainerItemProxy */ = {
			isa = PBXContainerItemProxy;
			containerPortal = 1D60E5D91ADDB392003A632B /* Project object */;
			proxyType = 1;
			remoteGlobalIDString = 1D60E5E01ADDB392003A632B;
			remoteInfo = TTzaojiao;
		};
/* End PBXContainerItemProxy section */

/* Begin PBXFileReference section */
		02041B7D1AE8BD1100B09561 /* TTWoLableTableViewCell.h */ = {isa = PBXFileReference; fileEncoding = 4; lastKnownFileType = sourcecode.c.h; path = TTWoLableTableViewCell.h; sourceTree = "<group>"; };
		02041B7E1AE8BD1100B09561 /* TTWoLableTableViewCell.m */ = {isa = PBXFileReference; fileEncoding = 4; lastKnownFileType = sourcecode.c.objc; path = TTWoLableTableViewCell.m; sourceTree = "<group>"; };
		02041B811AE8BD1E00B09561 /* TTWoButtonTableViewCell.h */ = {isa = PBXFileReference; fileEncoding = 4; lastKnownFileType = sourcecode.c.h; path = TTWoButtonTableViewCell.h; sourceTree = "<group>"; };
		02041B821AE8BD1E00B09561 /* TTWoButtonTableViewCell.m */ = {isa = PBXFileReference; fileEncoding = 4; lastKnownFileType = sourcecode.c.objc; path = TTWoButtonTableViewCell.m; sourceTree = "<group>"; };
		02041B851AE8BD2800B09561 /* TTWoBackTableViewCell.h */ = {isa = PBXFileReference; fileEncoding = 4; lastKnownFileType = sourcecode.c.h; path = TTWoBackTableViewCell.h; sourceTree = "<group>"; };
		02041B861AE8BD2800B09561 /* TTWoBackTableViewCell.m */ = {isa = PBXFileReference; fileEncoding = 4; lastKnownFileType = sourcecode.c.objc; path = TTWoBackTableViewCell.m; sourceTree = "<group>"; };
		02041B8E1AE8D9C800B09561 /* CoreLocation.framework */ = {isa = PBXFileReference; lastKnownFileType = wrapper.framework; name = CoreLocation.framework; path = System/Library/Frameworks/CoreLocation.framework; sourceTree = SDKROOT; };
		020999D51AE91DC800093608 /* citydict.plist */ = {isa = PBXFileReference; fileEncoding = 4; lastKnownFileType = text.plist.xml; path = citydict.plist; sourceTree = "<group>"; };
		020999D61AE91DC800093608 /* CityListViewController.h */ = {isa = PBXFileReference; fileEncoding = 4; lastKnownFileType = sourcecode.c.h; path = CityListViewController.h; sourceTree = "<group>"; };
		020999D71AE91DC800093608 /* CityListViewController.m */ = {isa = PBXFileReference; fileEncoding = 4; lastKnownFileType = sourcecode.c.objc; path = CityListViewController.m; sourceTree = "<group>"; };
		02240C961AE6398F00EEB7AF /* ZaoJiaoStoryboard.storyboard */ = {isa = PBXFileReference; fileEncoding = 4; lastKnownFileType = file.storyboard; path = ZaoJiaoStoryboard.storyboard; sourceTree = "<group>"; };
		02240C9A1AE639B500EEB7AF /* LaMaJieStoryboard.storyboard */ = {isa = PBXFileReference; fileEncoding = 4; lastKnownFileType = file.storyboard; path = LaMaJieStoryboard.storyboard; sourceTree = "<group>"; };
		02240C9C1AE639C000EEB7AF /* WoStoryboard.storyboard */ = {isa = PBXFileReference; fileEncoding = 4; lastKnownFileType = file.storyboard; path = WoStoryboard.storyboard; sourceTree = "<group>"; };
		02240C9E1AE639DC00EEB7AF /* TTZaojiaoViewController.h */ = {isa = PBXFileReference; fileEncoding = 4; lastKnownFileType = sourcecode.c.h; path = TTZaojiaoViewController.h; sourceTree = "<group>"; };
		02240C9F1AE639DC00EEB7AF /* TTZaojiaoViewController.m */ = {isa = PBXFileReference; fileEncoding = 4; lastKnownFileType = sourcecode.c.objc; path = TTZaojiaoViewController.m; sourceTree = "<group>"; };
		02240CA41AE639FB00EEB7AF /* TTLaMaViewController.h */ = {isa = PBXFileReference; fileEncoding = 4; lastKnownFileType = sourcecode.c.h; path = TTLaMaViewController.h; sourceTree = "<group>"; };
		02240CA51AE639FB00EEB7AF /* TTLaMaViewController.m */ = {isa = PBXFileReference; fileEncoding = 4; lastKnownFileType = sourcecode.c.objc; path = TTLaMaViewController.m; sourceTree = "<group>"; };
		02240CA71AE63A1900EEB7AF /* TTWoViewController.h */ = {isa = PBXFileReference; fileEncoding = 4; lastKnownFileType = sourcecode.c.h; path = TTWoViewController.h; sourceTree = "<group>"; };
		02240CA81AE63A1900EEB7AF /* TTWoViewController.m */ = {isa = PBXFileReference; fileEncoding = 4; lastKnownFileType = sourcecode.c.objc; path = TTWoViewController.m; sourceTree = "<group>"; };
		02BFC4E21ADF662500D0DF30 /* AFAppDotNetAPIClient.h */ = {isa = PBXFileReference; fileEncoding = 4; lastKnownFileType = sourcecode.c.h; path = AFAppDotNetAPIClient.h; sourceTree = "<group>"; };
		02BFC4E31ADF662500D0DF30 /* AFAppDotNetAPIClient.m */ = {isa = PBXFileReference; fileEncoding = 4; lastKnownFileType = sourcecode.c.objc; path = AFAppDotNetAPIClient.m; sourceTree = "<group>"; };
		02BFC4E41ADF662500D0DF30 /* AFNetworkActivityLogger.h */ = {isa = PBXFileReference; fileEncoding = 4; lastKnownFileType = sourcecode.c.h; path = AFNetworkActivityLogger.h; sourceTree = "<group>"; };
		02BFC4E51ADF662500D0DF30 /* AFNetworkActivityLogger.m */ = {isa = PBXFileReference; fileEncoding = 4; lastKnownFileType = sourcecode.c.objc; path = AFNetworkActivityLogger.m; sourceTree = "<group>"; };
		02BFC4E81ADF668100D0DF30 /* JSONHelper.h */ = {isa = PBXFileReference; fileEncoding = 4; lastKnownFileType = sourcecode.c.h; path = JSONHelper.h; sourceTree = "<group>"; };
		02BFC4E91ADF668100D0DF30 /* JSONHelper.m */ = {isa = PBXFileReference; fileEncoding = 4; lastKnownFileType = sourcecode.c.objc; path = JSONHelper.m; sourceTree = "<group>"; };
		02BFC4EA1ADF668100D0DF30 /* NetworkHelper.h */ = {isa = PBXFileReference; fileEncoding = 4; lastKnownFileType = sourcecode.c.h; path = NetworkHelper.h; sourceTree = "<group>"; };
		02BFC4EB1ADF668100D0DF30 /* NetworkHelper.m */ = {isa = PBXFileReference; fileEncoding = 4; lastKnownFileType = sourcecode.c.objc; path = NetworkHelper.m; sourceTree = "<group>"; };
		02BFC4EF1ADF684C00D0DF30 /* Constants.h */ = {isa = PBXFileReference; lastKnownFileType = sourcecode.c.h; path = Constants.h; sourceTree = "<group>"; };
		02BFC4F11ADF689900D0DF30 /* FileManagerHelper.h */ = {isa = PBXFileReference; fileEncoding = 4; lastKnownFileType = sourcecode.c.h; path = FileManagerHelper.h; sourceTree = "<group>"; };
		02BFC4F21ADF689900D0DF30 /* FileManagerHelper.m */ = {isa = PBXFileReference; fileEncoding = 4; lastKnownFileType = sourcecode.c.objc; path = FileManagerHelper.m; sourceTree = "<group>"; };
		02BFC4F61ADF7A3700D0DF30 /* AlipayHeader.h */ = {isa = PBXFileReference; fileEncoding = 4; lastKnownFileType = sourcecode.c.h; path = AlipayHeader.h; sourceTree = "<group>"; };
		02BFC4F71ADF7A3700D0DF30 /* AlipayRequestConfig.h */ = {isa = PBXFileReference; fileEncoding = 4; lastKnownFileType = sourcecode.c.h; path = AlipayRequestConfig.h; sourceTree = "<group>"; };
		02BFC4F81ADF7A3700D0DF30 /* AlipayRequestConfig.m */ = {isa = PBXFileReference; fileEncoding = 4; lastKnownFileType = sourcecode.c.objc; path = AlipayRequestConfig.m; sourceTree = "<group>"; };
		02BFC4FA1ADF7A3700D0DF30 /* aes.h */ = {isa = PBXFileReference; fileEncoding = 4; lastKnownFileType = sourcecode.c.h; path = aes.h; sourceTree = "<group>"; };
		02BFC4FB1ADF7A3700D0DF30 /* asn1.h */ = {isa = PBXFileReference; fileEncoding = 4; lastKnownFileType = sourcecode.c.h; path = asn1.h; sourceTree = "<group>"; };
		02BFC4FC1ADF7A3700D0DF30 /* asn1_mac.h */ = {isa = PBXFileReference; fileEncoding = 4; lastKnownFileType = sourcecode.c.h; path = asn1_mac.h; sourceTree = "<group>"; };
		02BFC4FD1ADF7A3700D0DF30 /* asn1t.h */ = {isa = PBXFileReference; fileEncoding = 4; lastKnownFileType = sourcecode.c.h; path = asn1t.h; sourceTree = "<group>"; };
		02BFC4FE1ADF7A3700D0DF30 /* bio.h */ = {isa = PBXFileReference; fileEncoding = 4; lastKnownFileType = sourcecode.c.h; path = bio.h; sourceTree = "<group>"; };
		02BFC4FF1ADF7A3700D0DF30 /* blowfish.h */ = {isa = PBXFileReference; fileEncoding = 4; lastKnownFileType = sourcecode.c.h; path = blowfish.h; sourceTree = "<group>"; };
		02BFC5001ADF7A3700D0DF30 /* bn.h */ = {isa = PBXFileReference; fileEncoding = 4; lastKnownFileType = sourcecode.c.h; path = bn.h; sourceTree = "<group>"; };
		02BFC5011ADF7A3700D0DF30 /* buffer.h */ = {isa = PBXFileReference; fileEncoding = 4; lastKnownFileType = sourcecode.c.h; path = buffer.h; sourceTree = "<group>"; };
		02BFC5021ADF7A3700D0DF30 /* camellia.h */ = {isa = PBXFileReference; fileEncoding = 4; lastKnownFileType = sourcecode.c.h; path = camellia.h; sourceTree = "<group>"; };
		02BFC5031ADF7A3700D0DF30 /* cast.h */ = {isa = PBXFileReference; fileEncoding = 4; lastKnownFileType = sourcecode.c.h; path = cast.h; sourceTree = "<group>"; };
		02BFC5041ADF7A3700D0DF30 /* cmac.h */ = {isa = PBXFileReference; fileEncoding = 4; lastKnownFileType = sourcecode.c.h; path = cmac.h; sourceTree = "<group>"; };
		02BFC5051ADF7A3700D0DF30 /* cms.h */ = {isa = PBXFileReference; fileEncoding = 4; lastKnownFileType = sourcecode.c.h; path = cms.h; sourceTree = "<group>"; };
		02BFC5061ADF7A3700D0DF30 /* comp.h */ = {isa = PBXFileReference; fileEncoding = 4; lastKnownFileType = sourcecode.c.h; path = comp.h; sourceTree = "<group>"; };
		02BFC5071ADF7A3700D0DF30 /* conf.h */ = {isa = PBXFileReference; fileEncoding = 4; lastKnownFileType = sourcecode.c.h; path = conf.h; sourceTree = "<group>"; };
		02BFC5081ADF7A3700D0DF30 /* conf_api.h */ = {isa = PBXFileReference; fileEncoding = 4; lastKnownFileType = sourcecode.c.h; path = conf_api.h; sourceTree = "<group>"; };
		02BFC5091ADF7A3700D0DF30 /* crypto.h */ = {isa = PBXFileReference; fileEncoding = 4; lastKnownFileType = sourcecode.c.h; path = crypto.h; sourceTree = "<group>"; };
		02BFC50A1ADF7A3700D0DF30 /* des.h */ = {isa = PBXFileReference; fileEncoding = 4; lastKnownFileType = sourcecode.c.h; path = des.h; sourceTree = "<group>"; };
		02BFC50B1ADF7A3700D0DF30 /* des_old.h */ = {isa = PBXFileReference; fileEncoding = 4; lastKnownFileType = sourcecode.c.h; path = des_old.h; sourceTree = "<group>"; };
		02BFC50C1ADF7A3700D0DF30 /* dh.h */ = {isa = PBXFileReference; fileEncoding = 4; lastKnownFileType = sourcecode.c.h; path = dh.h; sourceTree = "<group>"; };
		02BFC50D1ADF7A3700D0DF30 /* dsa.h */ = {isa = PBXFileReference; fileEncoding = 4; lastKnownFileType = sourcecode.c.h; path = dsa.h; sourceTree = "<group>"; };
		02BFC50E1ADF7A3700D0DF30 /* dso.h */ = {isa = PBXFileReference; fileEncoding = 4; lastKnownFileType = sourcecode.c.h; path = dso.h; sourceTree = "<group>"; };
		02BFC50F1ADF7A3700D0DF30 /* dtls1.h */ = {isa = PBXFileReference; fileEncoding = 4; lastKnownFileType = sourcecode.c.h; path = dtls1.h; sourceTree = "<group>"; };
		02BFC5101ADF7A3700D0DF30 /* e_os2.h */ = {isa = PBXFileReference; fileEncoding = 4; lastKnownFileType = sourcecode.c.h; path = e_os2.h; sourceTree = "<group>"; };
		02BFC5111ADF7A3700D0DF30 /* ebcdic.h */ = {isa = PBXFileReference; fileEncoding = 4; lastKnownFileType = sourcecode.c.h; path = ebcdic.h; sourceTree = "<group>"; };
		02BFC5121ADF7A3700D0DF30 /* ec.h */ = {isa = PBXFileReference; fileEncoding = 4; lastKnownFileType = sourcecode.c.h; path = ec.h; sourceTree = "<group>"; };
		02BFC5131ADF7A3700D0DF30 /* ecdh.h */ = {isa = PBXFileReference; fileEncoding = 4; lastKnownFileType = sourcecode.c.h; path = ecdh.h; sourceTree = "<group>"; };
		02BFC5141ADF7A3700D0DF30 /* ecdsa.h */ = {isa = PBXFileReference; fileEncoding = 4; lastKnownFileType = sourcecode.c.h; path = ecdsa.h; sourceTree = "<group>"; };
		02BFC5151ADF7A3700D0DF30 /* engine.h */ = {isa = PBXFileReference; fileEncoding = 4; lastKnownFileType = sourcecode.c.h; path = engine.h; sourceTree = "<group>"; };
		02BFC5161ADF7A3700D0DF30 /* err.h */ = {isa = PBXFileReference; fileEncoding = 4; lastKnownFileType = sourcecode.c.h; path = err.h; sourceTree = "<group>"; };
		02BFC5171ADF7A3700D0DF30 /* evp.h */ = {isa = PBXFileReference; fileEncoding = 4; lastKnownFileType = sourcecode.c.h; path = evp.h; sourceTree = "<group>"; };
		02BFC5181ADF7A3700D0DF30 /* hmac.h */ = {isa = PBXFileReference; fileEncoding = 4; lastKnownFileType = sourcecode.c.h; path = hmac.h; sourceTree = "<group>"; };
		02BFC5191ADF7A3700D0DF30 /* idea.h */ = {isa = PBXFileReference; fileEncoding = 4; lastKnownFileType = sourcecode.c.h; path = idea.h; sourceTree = "<group>"; };
		02BFC51A1ADF7A3700D0DF30 /* krb5_asn.h */ = {isa = PBXFileReference; fileEncoding = 4; lastKnownFileType = sourcecode.c.h; path = krb5_asn.h; sourceTree = "<group>"; };
		02BFC51B1ADF7A3700D0DF30 /* kssl.h */ = {isa = PBXFileReference; fileEncoding = 4; lastKnownFileType = sourcecode.c.h; path = kssl.h; sourceTree = "<group>"; };
		02BFC51C1ADF7A3700D0DF30 /* lhash.h */ = {isa = PBXFileReference; fileEncoding = 4; lastKnownFileType = sourcecode.c.h; path = lhash.h; sourceTree = "<group>"; };
		02BFC51D1ADF7A3700D0DF30 /* md4.h */ = {isa = PBXFileReference; fileEncoding = 4; lastKnownFileType = sourcecode.c.h; path = md4.h; sourceTree = "<group>"; };
		02BFC51E1ADF7A3700D0DF30 /* md5.h */ = {isa = PBXFileReference; fileEncoding = 4; lastKnownFileType = sourcecode.c.h; path = md5.h; sourceTree = "<group>"; };
		02BFC51F1ADF7A3700D0DF30 /* mdc2.h */ = {isa = PBXFileReference; fileEncoding = 4; lastKnownFileType = sourcecode.c.h; path = mdc2.h; sourceTree = "<group>"; };
		02BFC5201ADF7A3700D0DF30 /* modes.h */ = {isa = PBXFileReference; fileEncoding = 4; lastKnownFileType = sourcecode.c.h; path = modes.h; sourceTree = "<group>"; };
		02BFC5211ADF7A3700D0DF30 /* obj_mac.h */ = {isa = PBXFileReference; fileEncoding = 4; lastKnownFileType = sourcecode.c.h; path = obj_mac.h; sourceTree = "<group>"; };
		02BFC5221ADF7A3700D0DF30 /* objects.h */ = {isa = PBXFileReference; fileEncoding = 4; lastKnownFileType = sourcecode.c.h; path = objects.h; sourceTree = "<group>"; };
		02BFC5231ADF7A3700D0DF30 /* ocsp.h */ = {isa = PBXFileReference; fileEncoding = 4; lastKnownFileType = sourcecode.c.h; path = ocsp.h; sourceTree = "<group>"; };
		02BFC5241ADF7A3700D0DF30 /* opensslconf.h */ = {isa = PBXFileReference; fileEncoding = 4; lastKnownFileType = sourcecode.c.h; path = opensslconf.h; sourceTree = "<group>"; };
		02BFC5251ADF7A3700D0DF30 /* opensslv.h */ = {isa = PBXFileReference; fileEncoding = 4; lastKnownFileType = sourcecode.c.h; path = opensslv.h; sourceTree = "<group>"; };
		02BFC5261ADF7A3700D0DF30 /* ossl_typ.h */ = {isa = PBXFileReference; fileEncoding = 4; lastKnownFileType = sourcecode.c.h; path = ossl_typ.h; sourceTree = "<group>"; };
		02BFC5271ADF7A3700D0DF30 /* pem.h */ = {isa = PBXFileReference; fileEncoding = 4; lastKnownFileType = sourcecode.c.h; path = pem.h; sourceTree = "<group>"; };
		02BFC5281ADF7A3700D0DF30 /* pem2.h */ = {isa = PBXFileReference; fileEncoding = 4; lastKnownFileType = sourcecode.c.h; path = pem2.h; sourceTree = "<group>"; };
		02BFC5291ADF7A3700D0DF30 /* pkcs12.h */ = {isa = PBXFileReference; fileEncoding = 4; lastKnownFileType = sourcecode.c.h; path = pkcs12.h; sourceTree = "<group>"; };
		02BFC52A1ADF7A3700D0DF30 /* pkcs7.h */ = {isa = PBXFileReference; fileEncoding = 4; lastKnownFileType = sourcecode.c.h; path = pkcs7.h; sourceTree = "<group>"; };
		02BFC52B1ADF7A3700D0DF30 /* pqueue.h */ = {isa = PBXFileReference; fileEncoding = 4; lastKnownFileType = sourcecode.c.h; path = pqueue.h; sourceTree = "<group>"; };
		02BFC52C1ADF7A3700D0DF30 /* rand.h */ = {isa = PBXFileReference; fileEncoding = 4; lastKnownFileType = sourcecode.c.h; path = rand.h; sourceTree = "<group>"; };
		02BFC52D1ADF7A3700D0DF30 /* rc2.h */ = {isa = PBXFileReference; fileEncoding = 4; lastKnownFileType = sourcecode.c.h; path = rc2.h; sourceTree = "<group>"; };
		02BFC52E1ADF7A3700D0DF30 /* rc4.h */ = {isa = PBXFileReference; fileEncoding = 4; lastKnownFileType = sourcecode.c.h; path = rc4.h; sourceTree = "<group>"; };
		02BFC52F1ADF7A3700D0DF30 /* ripemd.h */ = {isa = PBXFileReference; fileEncoding = 4; lastKnownFileType = sourcecode.c.h; path = ripemd.h; sourceTree = "<group>"; };
		02BFC5301ADF7A3700D0DF30 /* rsa.h */ = {isa = PBXFileReference; fileEncoding = 4; lastKnownFileType = sourcecode.c.h; path = rsa.h; sourceTree = "<group>"; };
		02BFC5311ADF7A3700D0DF30 /* safestack.h */ = {isa = PBXFileReference; fileEncoding = 4; lastKnownFileType = sourcecode.c.h; path = safestack.h; sourceTree = "<group>"; };
		02BFC5321ADF7A3700D0DF30 /* seed.h */ = {isa = PBXFileReference; fileEncoding = 4; lastKnownFileType = sourcecode.c.h; path = seed.h; sourceTree = "<group>"; };
		02BFC5331ADF7A3700D0DF30 /* sha.h */ = {isa = PBXFileReference; fileEncoding = 4; lastKnownFileType = sourcecode.c.h; path = sha.h; sourceTree = "<group>"; };
		02BFC5341ADF7A3700D0DF30 /* srp.h */ = {isa = PBXFileReference; fileEncoding = 4; lastKnownFileType = sourcecode.c.h; path = srp.h; sourceTree = "<group>"; };
		02BFC5351ADF7A3700D0DF30 /* srtp.h */ = {isa = PBXFileReference; fileEncoding = 4; lastKnownFileType = sourcecode.c.h; path = srtp.h; sourceTree = "<group>"; };
		02BFC5361ADF7A3700D0DF30 /* ssl.h */ = {isa = PBXFileReference; fileEncoding = 4; lastKnownFileType = sourcecode.c.h; path = ssl.h; sourceTree = "<group>"; };
		02BFC5371ADF7A3700D0DF30 /* ssl2.h */ = {isa = PBXFileReference; fileEncoding = 4; lastKnownFileType = sourcecode.c.h; path = ssl2.h; sourceTree = "<group>"; };
		02BFC5381ADF7A3700D0DF30 /* ssl23.h */ = {isa = PBXFileReference; fileEncoding = 4; lastKnownFileType = sourcecode.c.h; path = ssl23.h; sourceTree = "<group>"; };
		02BFC5391ADF7A3700D0DF30 /* ssl3.h */ = {isa = PBXFileReference; fileEncoding = 4; lastKnownFileType = sourcecode.c.h; path = ssl3.h; sourceTree = "<group>"; };
		02BFC53A1ADF7A3700D0DF30 /* stack.h */ = {isa = PBXFileReference; fileEncoding = 4; lastKnownFileType = sourcecode.c.h; path = stack.h; sourceTree = "<group>"; };
		02BFC53B1ADF7A3700D0DF30 /* symhacks.h */ = {isa = PBXFileReference; fileEncoding = 4; lastKnownFileType = sourcecode.c.h; path = symhacks.h; sourceTree = "<group>"; };
		02BFC53C1ADF7A3700D0DF30 /* tls1.h */ = {isa = PBXFileReference; fileEncoding = 4; lastKnownFileType = sourcecode.c.h; path = tls1.h; sourceTree = "<group>"; };
		02BFC53D1ADF7A3700D0DF30 /* ts.h */ = {isa = PBXFileReference; fileEncoding = 4; lastKnownFileType = sourcecode.c.h; path = ts.h; sourceTree = "<group>"; };
		02BFC53E1ADF7A3700D0DF30 /* txt_db.h */ = {isa = PBXFileReference; fileEncoding = 4; lastKnownFileType = sourcecode.c.h; path = txt_db.h; sourceTree = "<group>"; };
		02BFC53F1ADF7A3700D0DF30 /* ui.h */ = {isa = PBXFileReference; fileEncoding = 4; lastKnownFileType = sourcecode.c.h; path = ui.h; sourceTree = "<group>"; };
		02BFC5401ADF7A3700D0DF30 /* ui_compat.h */ = {isa = PBXFileReference; fileEncoding = 4; lastKnownFileType = sourcecode.c.h; path = ui_compat.h; sourceTree = "<group>"; };
		02BFC5411ADF7A3700D0DF30 /* whrlpool.h */ = {isa = PBXFileReference; fileEncoding = 4; lastKnownFileType = sourcecode.c.h; path = whrlpool.h; sourceTree = "<group>"; };
		02BFC5421ADF7A3700D0DF30 /* x509.h */ = {isa = PBXFileReference; fileEncoding = 4; lastKnownFileType = sourcecode.c.h; path = x509.h; sourceTree = "<group>"; };
		02BFC5431ADF7A3700D0DF30 /* x509_vfy.h */ = {isa = PBXFileReference; fileEncoding = 4; lastKnownFileType = sourcecode.c.h; path = x509_vfy.h; sourceTree = "<group>"; };
		02BFC5441ADF7A3700D0DF30 /* x509v3.h */ = {isa = PBXFileReference; fileEncoding = 4; lastKnownFileType = sourcecode.c.h; path = x509v3.h; sourceTree = "<group>"; };
		02BFC5451ADF7A3700D0DF30 /* Order.h */ = {isa = PBXFileReference; fileEncoding = 4; lastKnownFileType = sourcecode.c.h; path = Order.h; sourceTree = "<group>"; };
		02BFC5461ADF7A3700D0DF30 /* Order.m */ = {isa = PBXFileReference; fileEncoding = 4; lastKnownFileType = sourcecode.c.objc; path = Order.m; sourceTree = "<group>"; };
		02BFC5481ADF7A3700D0DF30 /* base64.h */ = {isa = PBXFileReference; fileEncoding = 4; lastKnownFileType = sourcecode.c.h; path = base64.h; sourceTree = "<group>"; };
		02BFC5491ADF7A3700D0DF30 /* base64.m */ = {isa = PBXFileReference; fileEncoding = 4; lastKnownFileType = sourcecode.c.objc; path = base64.m; sourceTree = "<group>"; };
		02BFC54A1ADF7A3700D0DF30 /* config.h */ = {isa = PBXFileReference; fileEncoding = 4; lastKnownFileType = sourcecode.c.h; path = config.h; sourceTree = "<group>"; };
		02BFC54B1ADF7A3700D0DF30 /* DataSigner.h */ = {isa = PBXFileReference; fileEncoding = 4; lastKnownFileType = sourcecode.c.h; path = DataSigner.h; sourceTree = "<group>"; };
		02BFC54C1ADF7A3700D0DF30 /* DataSigner.m */ = {isa = PBXFileReference; fileEncoding = 4; lastKnownFileType = sourcecode.c.objc; path = DataSigner.m; sourceTree = "<group>"; };
		02BFC54D1ADF7A3700D0DF30 /* DataVerifier.h */ = {isa = PBXFileReference; fileEncoding = 4; lastKnownFileType = sourcecode.c.h; path = DataVerifier.h; sourceTree = "<group>"; };
		02BFC54E1ADF7A3700D0DF30 /* DataVerifier.m */ = {isa = PBXFileReference; fileEncoding = 4; lastKnownFileType = sourcecode.c.objc; path = DataVerifier.m; sourceTree = "<group>"; };
		02BFC54F1ADF7A3700D0DF30 /* MD5DataSigner.h */ = {isa = PBXFileReference; fileEncoding = 4; lastKnownFileType = sourcecode.c.h; path = MD5DataSigner.h; sourceTree = "<group>"; };
		02BFC5501ADF7A3700D0DF30 /* MD5DataSigner.m */ = {isa = PBXFileReference; fileEncoding = 4; lastKnownFileType = sourcecode.c.objc; path = MD5DataSigner.m; sourceTree = "<group>"; };
		02BFC5511ADF7A3700D0DF30 /* NSDataEx.h */ = {isa = PBXFileReference; fileEncoding = 4; lastKnownFileType = sourcecode.c.h; path = NSDataEx.h; sourceTree = "<group>"; };
		02BFC5521ADF7A3700D0DF30 /* NSDataEx.m */ = {isa = PBXFileReference; fileEncoding = 4; lastKnownFileType = sourcecode.c.objc; path = NSDataEx.m; sourceTree = "<group>"; };
		02BFC5531ADF7A3700D0DF30 /* openssl_wrapper.h */ = {isa = PBXFileReference; fileEncoding = 4; lastKnownFileType = sourcecode.c.h; path = openssl_wrapper.h; sourceTree = "<group>"; };
		02BFC5541ADF7A3700D0DF30 /* openssl_wrapper.m */ = {isa = PBXFileReference; fileEncoding = 4; lastKnownFileType = sourcecode.c.objc; path = openssl_wrapper.m; sourceTree = "<group>"; };
		02BFC5551ADF7A3700D0DF30 /* RSADataSigner.h */ = {isa = PBXFileReference; fileEncoding = 4; lastKnownFileType = sourcecode.c.h; path = RSADataSigner.h; sourceTree = "<group>"; };
		02BFC5561ADF7A3700D0DF30 /* RSADataSigner.m */ = {isa = PBXFileReference; fileEncoding = 4; lastKnownFileType = sourcecode.c.objc; path = RSADataSigner.m; sourceTree = "<group>"; };
		02BFC5571ADF7A3700D0DF30 /* RSADataVerifier.h */ = {isa = PBXFileReference; fileEncoding = 4; lastKnownFileType = sourcecode.c.h; path = RSADataVerifier.h; sourceTree = "<group>"; };
		02BFC5581ADF7A3700D0DF30 /* RSADataVerifier.m */ = {isa = PBXFileReference; fileEncoding = 4; lastKnownFileType = sourcecode.c.objc; path = RSADataVerifier.m; sourceTree = "<group>"; };
		02BFC55A1ADF7A3700D0DF30 /* AlipaySDK.bundle */ = {isa = PBXFileReference; lastKnownFileType = "wrapper.plug-in"; path = AlipaySDK.bundle; sourceTree = "<group>"; };
		02BFC55B1ADF7A3700D0DF30 /* AlipaySDK.framework */ = {isa = PBXFileReference; lastKnownFileType = wrapper.framework; path = AlipaySDK.framework; sourceTree = "<group>"; };
		02BFC55C1ADF7A3700D0DF30 /* libcrypto.a */ = {isa = PBXFileReference; lastKnownFileType = archive.ar; path = libcrypto.a; sourceTree = "<group>"; };
		02BFC55D1ADF7A3700D0DF30 /* libssl.a */ = {isa = PBXFileReference; lastKnownFileType = archive.ar; path = libssl.a; sourceTree = "<group>"; };
		02BFC56C1ADF7B1E00D0DF30 /* SystemConfiguration.framework */ = {isa = PBXFileReference; lastKnownFileType = wrapper.framework; name = SystemConfiguration.framework; path = System/Library/Frameworks/SystemConfiguration.framework; sourceTree = SDKROOT; };
		02BFC5751ADF903500D0DF30 /* CoreDataStorageController.h */ = {isa = PBXFileReference; fileEncoding = 4; lastKnownFileType = sourcecode.c.h; path = CoreDataStorageController.h; sourceTree = "<group>"; };
		02BFC5761ADF903500D0DF30 /* CoreDataStorageController.m */ = {isa = PBXFileReference; fileEncoding = 4; lastKnownFileType = sourcecode.c.objc; path = CoreDataStorageController.m; sourceTree = "<group>"; };
		0F6AE2E51AE7765B0004AD05 /* TTTabBarController.h */ = {isa = PBXFileReference; fileEncoding = 4; lastKnownFileType = sourcecode.c.h; path = TTTabBarController.h; sourceTree = "<group>"; };
		0F6AE2E61AE7765B0004AD05 /* TTTabBarController.m */ = {isa = PBXFileReference; fileEncoding = 4; lastKnownFileType = sourcecode.c.objc; path = TTTabBarController.m; sourceTree = "<group>"; };
		0F7C06CA1AEA1B120020ACBA /* LamaModel.h */ = {isa = PBXFileReference; fileEncoding = 4; lastKnownFileType = sourcecode.c.h; path = LamaModel.h; sourceTree = "<group>"; };
		0F7C06CB1AEA1B120020ACBA /* LamaModel.m */ = {isa = PBXFileReference; fileEncoding = 4; lastKnownFileType = sourcecode.c.objc; path = LamaModel.m; sourceTree = "<group>"; };
		0F7C06CD1AEA216C0020ACBA /* LamaTotalModel.h */ = {isa = PBXFileReference; fileEncoding = 4; lastKnownFileType = sourcecode.c.h; path = LamaTotalModel.h; sourceTree = "<group>"; };
		0F7C06CE1AEA216C0020ACBA /* LamaTotalModel.m */ = {isa = PBXFileReference; fileEncoding = 4; lastKnownFileType = sourcecode.c.objc; path = LamaTotalModel.m; sourceTree = "<group>"; };
		0F7C06D01AEA2A0C0020ACBA /* LamaTableViewCell.h */ = {isa = PBXFileReference; fileEncoding = 4; lastKnownFileType = sourcecode.c.h; path = LamaTableViewCell.h; sourceTree = "<group>"; };
		0F7C06D11AEA2A0C0020ACBA /* LamaTableViewCell.m */ = {isa = PBXFileReference; fileEncoding = 4; lastKnownFileType = sourcecode.c.objc; path = LamaTableViewCell.m; sourceTree = "<group>"; };
		1D018E0D1AE15F8900696F25 /* TTBaseViewController.h */ = {isa = PBXFileReference; fileEncoding = 4; lastKnownFileType = sourcecode.c.h; path = TTBaseViewController.h; sourceTree = "<group>"; };
		1D018E0E1AE15F8900696F25 /* TTBaseViewController.m */ = {isa = PBXFileReference; fileEncoding = 4; lastKnownFileType = sourcecode.c.objc; path = TTBaseViewController.m; sourceTree = "<group>"; };
		1D018E121AE1622900696F25 /* UserModel.h */ = {isa = PBXFileReference; fileEncoding = 4; lastKnownFileType = sourcecode.c.h; path = UserModel.h; sourceTree = "<group>"; };
		1D018E131AE1622900696F25 /* UserModel.m */ = {isa = PBXFileReference; fileEncoding = 4; lastKnownFileType = sourcecode.c.objc; path = UserModel.m; sourceTree = "<group>"; };
		1D018E161AE1AC1600696F25 /* UIAlertView+MoreAttribute.h */ = {isa = PBXFileReference; fileEncoding = 4; lastKnownFileType = sourcecode.c.h; path = "UIAlertView+MoreAttribute.h"; sourceTree = "<group>"; };
		1D018E171AE1AC1600696F25 /* UIAlertView+MoreAttribute.m */ = {isa = PBXFileReference; fileEncoding = 4; lastKnownFileType = sourcecode.c.objc; path = "UIAlertView+MoreAttribute.m"; sourceTree = "<group>"; };
		1D018E1A1AE1C91A00696F25 /* TTUserModelTool.h */ = {isa = PBXFileReference; fileEncoding = 4; lastKnownFileType = sourcecode.c.h; path = TTUserModelTool.h; sourceTree = "<group>"; };
		1D018E1B1AE1C91A00696F25 /* TTUserModelTool.m */ = {isa = PBXFileReference; fileEncoding = 4; lastKnownFileType = sourcecode.c.objc; path = TTUserModelTool.m; sourceTree = "<group>"; };
		1D018E2F1AE20DE300696F25 /* TTBaseNavgationController.h */ = {isa = PBXFileReference; fileEncoding = 4; lastKnownFileType = sourcecode.c.h; path = TTBaseNavgationController.h; sourceTree = "<group>"; };
		1D018E301AE20DE300696F25 /* TTBaseNavgationController.m */ = {isa = PBXFileReference; fileEncoding = 4; lastKnownFileType = sourcecode.c.objc; path = TTBaseNavgationController.m; sourceTree = "<group>"; };
		1D018E321AE20E0F00696F25 /* TTBaseTableViewController.h */ = {isa = PBXFileReference; fileEncoding = 4; lastKnownFileType = sourcecode.c.h; path = TTBaseTableViewController.h; sourceTree = "<group>"; };
		1D018E331AE20E0F00696F25 /* TTBaseTableViewController.m */ = {isa = PBXFileReference; fileEncoding = 4; lastKnownFileType = sourcecode.c.objc; path = TTBaseTableViewController.m; sourceTree = "<group>"; };
		1D018E361AE20EC500696F25 /* TTNavigationController.h */ = {isa = PBXFileReference; fileEncoding = 4; lastKnownFileType = sourcecode.c.h; path = TTNavigationController.h; sourceTree = "<group>"; };
		1D018E371AE20EC500696F25 /* TTNavigationController.m */ = {isa = PBXFileReference; fileEncoding = 4; lastKnownFileType = sourcecode.c.objc; path = TTNavigationController.m; sourceTree = "<group>"; };
		1D018E391AE20EEA00696F25 /* TTRegeistViewController.h */ = {isa = PBXFileReference; fileEncoding = 4; lastKnownFileType = sourcecode.c.h; path = TTRegeistViewController.h; sourceTree = "<group>"; };
		1D018E3A1AE20EEA00696F25 /* TTRegeistViewController.m */ = {isa = PBXFileReference; fileEncoding = 4; lastKnownFileType = sourcecode.c.objc; path = TTRegeistViewController.m; sourceTree = "<group>"; };
		1D1F2C001AE09A66004F851D /* TTLogRegViewController.h */ = {isa = PBXFileReference; fileEncoding = 4; lastKnownFileType = sourcecode.c.h; path = TTLogRegViewController.h; sourceTree = "<group>"; };
		1D1F2C011AE09A66004F851D /* TTLogRegViewController.m */ = {isa = PBXFileReference; fileEncoding = 4; lastKnownFileType = sourcecode.c.objc; path = TTLogRegViewController.m; sourceTree = "<group>"; };
		1D1F2C041AE0AECA004F851D /* TTLogonViewController.h */ = {isa = PBXFileReference; fileEncoding = 4; lastKnownFileType = sourcecode.c.h; path = TTLogonViewController.h; sourceTree = "<group>"; };
		1D1F2C051AE0AECA004F851D /* TTLogonViewController.m */ = {isa = PBXFileReference; fileEncoding = 4; lastKnownFileType = sourcecode.c.objc; path = TTLogonViewController.m; sourceTree = "<group>"; };
		1D1F2C091AE10BAF004F851D /* TTWebServerAPI.h */ = {isa = PBXFileReference; lastKnownFileType = sourcecode.c.h; path = TTWebServerAPI.h; sourceTree = "<group>"; };
		1D3FE2B71AEE8708006D66FC /* TTBlogFrame.h */ = {isa = PBXFileReference; fileEncoding = 4; lastKnownFileType = sourcecode.c.h; path = TTBlogFrame.h; sourceTree = "<group>"; };
		1D3FE2B81AEE8708006D66FC /* TTBlogFrame.m */ = {isa = PBXFileReference; fileEncoding = 4; lastKnownFileType = sourcecode.c.objc; path = TTBlogFrame.m; sourceTree = "<group>"; };
		1D3FE2BA1AEE8712006D66FC /* TTDynamicUserStatusTopView.h */ = {isa = PBXFileReference; fileEncoding = 4; lastKnownFileType = sourcecode.c.h; path = TTDynamicUserStatusTopView.h; sourceTree = "<group>"; };
		1D3FE2BB1AEE8712006D66FC /* TTDynamicUserStatusTopView.m */ = {isa = PBXFileReference; fileEncoding = 4; lastKnownFileType = sourcecode.c.objc; path = TTDynamicUserStatusTopView.m; sourceTree = "<group>"; };
		1D3FE2BD1AEE8718006D66FC /* TTDyanmicUserStautsCell.h */ = {isa = PBXFileReference; fileEncoding = 4; lastKnownFileType = sourcecode.c.h; path = TTDyanmicUserStautsCell.h; sourceTree = "<group>"; };
		1D3FE2BE1AEE8718006D66FC /* TTDyanmicUserStautsCell.m */ = {isa = PBXFileReference; fileEncoding = 4; lastKnownFileType = sourcecode.c.objc; path = TTDyanmicUserStautsCell.m; sourceTree = "<group>"; };
		1D3FE2C01AEE8818006D66FC /* UIImageView+MoreAttribute.h */ = {isa = PBXFileReference; fileEncoding = 4; lastKnownFileType = sourcecode.c.h; path = "UIImageView+MoreAttribute.h"; sourceTree = "<group>"; };
		1D3FE2C11AEE8818006D66FC /* UIImageView+MoreAttribute.m */ = {isa = PBXFileReference; fileEncoding = 4; lastKnownFileType = sourcecode.c.objc; path = "UIImageView+MoreAttribute.m"; sourceTree = "<group>"; };
		1D44C88E1AEEE10100D2FC93 /* TTDaynamicUserStatusZancountView.h */ = {isa = PBXFileReference; fileEncoding = 4; lastKnownFileType = sourcecode.c.h; path = TTDaynamicUserStatusZancountView.h; sourceTree = "<group>"; };
		1D44C88F1AEEE10100D2FC93 /* TTDaynamicUserStatusZancountView.m */ = {isa = PBXFileReference; fileEncoding = 4; lastKnownFileType = sourcecode.c.objc; path = TTDaynamicUserStatusZancountView.m; sourceTree = "<group>"; };
		1D44C8911AEF210700D2FC93 /* TTDynamicPhotosView.h */ = {isa = PBXFileReference; fileEncoding = 4; lastKnownFileType = sourcecode.c.h; path = TTDynamicPhotosView.h; sourceTree = "<group>"; };
		1D44C8921AEF210700D2FC93 /* TTDynamicPhotosView.m */ = {isa = PBXFileReference; fileEncoding = 4; lastKnownFileType = sourcecode.c.objc; path = TTDynamicPhotosView.m; sourceTree = "<group>"; };
		1D44C8971AEF3AD200D2FC93 /* TTCommentFrame.h */ = {isa = PBXFileReference; fileEncoding = 4; lastKnownFileType = sourcecode.c.h; path = TTCommentFrame.h; sourceTree = "<group>"; };
		1D44C8981AEF3AD200D2FC93 /* TTCommentFrame.m */ = {isa = PBXFileReference; fileEncoding = 4; lastKnownFileType = sourcecode.c.objc; path = TTCommentFrame.m; sourceTree = "<group>"; };
		1D44C89A1AEF3D9D00D2FC93 /* TTDynamicCommentView.h */ = {isa = PBXFileReference; fileEncoding = 4; lastKnownFileType = sourcecode.c.h; path = TTDynamicCommentView.h; sourceTree = "<group>"; };
		1D44C89B1AEF3D9D00D2FC93 /* TTDynamicCommentView.m */ = {isa = PBXFileReference; fileEncoding = 4; lastKnownFileType = sourcecode.c.objc; path = TTDynamicCommentView.m; sourceTree = "<group>"; };
		1D44C89D1AEF411A00D2FC93 /* TTDynamicCommentsView.h */ = {isa = PBXFileReference; fileEncoding = 4; lastKnownFileType = sourcecode.c.h; path = TTDynamicCommentsView.h; sourceTree = "<group>"; };
		1D44C89E1AEF411A00D2FC93 /* TTDynamicCommentsView.m */ = {isa = PBXFileReference; fileEncoding = 4; lastKnownFileType = sourcecode.c.objc; path = TTDynamicCommentsView.m; sourceTree = "<group>"; };
		1D4754F91AEB2450004EDEED /* DongTaiStoryboard.storyboard */ = {isa = PBXFileReference; fileEncoding = 4; lastKnownFileType = file.storyboard; path = DongTaiStoryboard.storyboard; sourceTree = "<group>"; };
		1D4755071AEB2493004EDEED /* BlogModel.h */ = {isa = PBXFileReference; fileEncoding = 4; lastKnownFileType = sourcecode.c.h; path = BlogModel.h; sourceTree = "<group>"; };
		1D4755081AEB2493004EDEED /* BlogModel.m */ = {isa = PBXFileReference; fileEncoding = 4; lastKnownFileType = sourcecode.c.objc; path = BlogModel.m; sourceTree = "<group>"; };
		1D47550C1AEB317D004EDEED /* BlogReplayModel.h */ = {isa = PBXFileReference; fileEncoding = 4; lastKnownFileType = sourcecode.c.h; path = BlogReplayModel.h; sourceTree = "<group>"; };
		1D47550D1AEB317D004EDEED /* BlogReplayModel.m */ = {isa = PBXFileReference; fileEncoding = 4; lastKnownFileType = sourcecode.c.objc; path = BlogReplayModel.m; sourceTree = "<group>"; };
		1D57E1A61AE6E4A100EA3D35 /* TTCityMngTool.h */ = {isa = PBXFileReference; fileEncoding = 4; lastKnownFileType = sourcecode.c.h; path = TTCityMngTool.h; sourceTree = "<group>"; };
		1D57E1A71AE6E4A100EA3D35 /* TTCityMngTool.m */ = {isa = PBXFileReference; fileEncoding = 4; lastKnownFileType = sourcecode.c.objc; path = TTCityMngTool.m; sourceTree = "<group>"; };
		1D57E1A91AE74FED00EA3D35 /* CustomDatePicker.xib */ = {isa = PBXFileReference; fileEncoding = 4; lastKnownFileType = file.xib; path = CustomDatePicker.xib; sourceTree = "<group>"; };
		1D57E1AB1AE7511E00EA3D35 /* CustomDatePicker.h */ = {isa = PBXFileReference; fileEncoding = 4; lastKnownFileType = sourcecode.c.h; path = CustomDatePicker.h; sourceTree = "<group>"; };
		1D57E1AC1AE7511E00EA3D35 /* CustomDatePicker.m */ = {isa = PBXFileReference; fileEncoding = 4; lastKnownFileType = sourcecode.c.objc; path = CustomDatePicker.m; sourceTree = "<group>"; };
		1D60E5E11ADDB392003A632B /* TTzaojiao.app */ = {isa = PBXFileReference; explicitFileType = wrapper.application; includeInIndex = 0; path = TTzaojiao.app; sourceTree = BUILT_PRODUCTS_DIR; };
		1D60E5E51ADDB392003A632B /* Info.plist */ = {isa = PBXFileReference; lastKnownFileType = text.plist.xml; path = Info.plist; sourceTree = "<group>"; };
		1D60E5E61ADDB392003A632B /* main.m */ = {isa = PBXFileReference; lastKnownFileType = sourcecode.c.objc; path = main.m; sourceTree = "<group>"; };
		1D60E5E81ADDB392003A632B /* AppDelegate.h */ = {isa = PBXFileReference; lastKnownFileType = sourcecode.c.h; path = AppDelegate.h; sourceTree = "<group>"; };
		1D60E5E91ADDB392003A632B /* AppDelegate.m */ = {isa = PBXFileReference; lastKnownFileType = sourcecode.c.objc; path = AppDelegate.m; sourceTree = "<group>"; };
		1D60E5EC1ADDB392003A632B /* TTzaojiao.xcdatamodel */ = {isa = PBXFileReference; lastKnownFileType = wrapper.xcdatamodel; path = TTzaojiao.xcdatamodel; sourceTree = "<group>"; };
		1D60E5EE1ADDB392003A632B /* TTMainPageViewController.h */ = {isa = PBXFileReference; lastKnownFileType = sourcecode.c.h; path = TTMainPageViewController.h; sourceTree = "<group>"; };
		1D60E5EF1ADDB392003A632B /* TTMainPageViewController.m */ = {isa = PBXFileReference; lastKnownFileType = sourcecode.c.objc; path = TTMainPageViewController.m; sourceTree = "<group>"; };
		1D60E5F21ADDB392003A632B /* Base */ = {isa = PBXFileReference; lastKnownFileType = file.storyboard; name = Base; path = Base.lproj/Main.storyboard; sourceTree = "<group>"; };
		1D60E5F41ADDB392003A632B /* Images.xcassets */ = {isa = PBXFileReference; lastKnownFileType = folder.assetcatalog; path = Images.xcassets; sourceTree = "<group>"; };
		1D60E5F71ADDB392003A632B /* Base */ = {isa = PBXFileReference; lastKnownFileType = file.xib; name = Base; path = Base.lproj/LaunchScreen.xib; sourceTree = "<group>"; };
		1D60E5FD1ADDB392003A632B /* TTzaojiaoTests.xctest */ = {isa = PBXFileReference; explicitFileType = wrapper.cfbundle; includeInIndex = 0; path = TTzaojiaoTests.xctest; sourceTree = BUILT_PRODUCTS_DIR; };
		1D60E6021ADDB392003A632B /* Info.plist */ = {isa = PBXFileReference; lastKnownFileType = text.plist.xml; path = Info.plist; sourceTree = "<group>"; };
		1D60E6031ADDB392003A632B /* TTzaojiaoTests.m */ = {isa = PBXFileReference; lastKnownFileType = sourcecode.c.objc; path = TTzaojiaoTests.m; sourceTree = "<group>"; };
		1DC7C5C91AE4B36300346732 /* RegMsgFirst.h */ = {isa = PBXFileReference; fileEncoding = 4; lastKnownFileType = sourcecode.c.h; path = RegMsgFirst.h; sourceTree = "<group>"; };
		1DC7C5CA1AE4B36300346732 /* RegMsgFirst.m */ = {isa = PBXFileReference; fileEncoding = 4; lastKnownFileType = sourcecode.c.objc; path = RegMsgFirst.m; sourceTree = "<group>"; };
		1DC7C5CC1AE502DE00346732 /* UIImage+MoreAttribute.h */ = {isa = PBXFileReference; fileEncoding = 4; lastKnownFileType = sourcecode.c.h; path = "UIImage+MoreAttribute.h"; sourceTree = "<group>"; };
		1DC7C5CD1AE502DE00346732 /* UIImage+MoreAttribute.m */ = {isa = PBXFileReference; fileEncoding = 4; lastKnownFileType = sourcecode.c.objc; path = "UIImage+MoreAttribute.m"; sourceTree = "<group>"; };
		1DC7C5D01AE6331700346732 /* RegMsgSecond.h */ = {isa = PBXFileReference; fileEncoding = 4; lastKnownFileType = sourcecode.c.h; path = RegMsgSecond.h; sourceTree = "<group>"; };
		1DC7C5D11AE6331700346732 /* RegMsgSecond.m */ = {isa = PBXFileReference; fileEncoding = 4; lastKnownFileType = sourcecode.c.objc; path = RegMsgSecond.m; sourceTree = "<group>"; };
		1DD95FB61AED0CB100C15215 /* TTDongTaiViewController.h */ = {isa = PBXFileReference; fileEncoding = 4; lastKnownFileType = sourcecode.c.h; path = TTDongTaiViewController.h; sourceTree = "<group>"; };
		1DD95FB71AED0CB100C15215 /* TTDongTaiViewController.m */ = {isa = PBXFileReference; fileEncoding = 4; lastKnownFileType = sourcecode.c.objc; path = TTDongTaiViewController.m; sourceTree = "<group>"; };
		1DDF4E8C1AE26C82004661EB /* TTRealRegisitViewController.h */ = {isa = PBXFileReference; fileEncoding = 4; lastKnownFileType = sourcecode.c.h; path = TTRealRegisitViewController.h; sourceTree = "<group>"; };
		1DDF4E8D1AE26C82004661EB /* TTRealRegisitViewController.m */ = {isa = PBXFileReference; fileEncoding = 4; lastKnownFileType = sourcecode.c.objc; path = TTRealRegisitViewController.m; sourceTree = "<group>"; };
		1DDF4EA71AE3AA7E004661EB /* JSImagePickerViewController.h */ = {isa = PBXFileReference; fileEncoding = 4; lastKnownFileType = sourcecode.c.h; path = JSImagePickerViewController.h; sourceTree = "<group>"; };
		1DDF4EA81AE3AA7E004661EB /* JSImagePickerViewController.m */ = {isa = PBXFileReference; fileEncoding = 4; lastKnownFileType = sourcecode.c.objc; path = JSImagePickerViewController.m; sourceTree = "<group>"; };
		1DDF4EAC1AE3B712004661EB /* bg_023@2x.png */ = {isa = PBXFileReference; lastKnownFileType = image.png; path = "bg_023@2x.png"; sourceTree = "<group>"; };
		1DDF4EAD1AE3B712004661EB /* btn_020.disable@2x.png */ = {isa = PBXFileReference; lastKnownFileType = image.png; path = "btn_020.disable@2x.png"; sourceTree = "<group>"; };
		1DDF4EAE1AE3B712004661EB /* btn_020.press@2x.png */ = {isa = PBXFileReference; lastKnownFileType = image.png; path = "btn_020.press@2x.png"; sourceTree = "<group>"; };
		1DDF4EAF1AE3B712004661EB /* btn_020@2x.png */ = {isa = PBXFileReference; lastKnownFileType = image.png; path = "btn_020@2x.png"; sourceTree = "<group>"; };
		1DDF4EB01AE3B712004661EB /* btn_021.disable@2x.png */ = {isa = PBXFileReference; lastKnownFileType = image.png; path = "btn_021.disable@2x.png"; sourceTree = "<group>"; };
		1DDF4EB11AE3B712004661EB /* btn_021.press@2x.png */ = {isa = PBXFileReference; lastKnownFileType = image.png; path = "btn_021.press@2x.png"; sourceTree = "<group>"; };
		1DDF4EB21AE3B712004661EB /* btn_021@2x.png */ = {isa = PBXFileReference; lastKnownFileType = image.png; path = "btn_021@2x.png"; sourceTree = "<group>"; };
		1DDF4EB31AE3B712004661EB /* ProvincesAndCities.plist */ = {isa = PBXFileReference; fileEncoding = 4; lastKnownFileType = text.plist.xml; path = ProvincesAndCities.plist; sourceTree = "<group>"; };
		1DDF4EB41AE3B712004661EB /* TSLocateView.h */ = {isa = PBXFileReference; fileEncoding = 4; lastKnownFileType = sourcecode.c.h; path = TSLocateView.h; sourceTree = "<group>"; };
		1DDF4EB51AE3B712004661EB /* TSLocateView.m */ = {isa = PBXFileReference; fileEncoding = 4; lastKnownFileType = sourcecode.c.objc; path = TSLocateView.m; sourceTree = "<group>"; };
		1DDF4EB61AE3B712004661EB /* TSLocateView.xib */ = {isa = PBXFileReference; fileEncoding = 4; lastKnownFileType = file.xib; path = TSLocateView.xib; sourceTree = "<group>"; };
		1DDF4EB71AE3B712004661EB /* TSLocation.h */ = {isa = PBXFileReference; fileEncoding = 4; lastKnownFileType = sourcecode.c.h; path = TSLocation.h; sourceTree = "<group>"; };
		1DDF4EB81AE3B712004661EB /* TSLocation.m */ = {isa = PBXFileReference; fileEncoding = 4; lastKnownFileType = sourcecode.c.objc; path = TSLocation.m; sourceTree = "<group>"; };
		3CDF8365E2437F4D88B10312 /* Pods.debug.xcconfig */ = {isa = PBXFileReference; includeInIndex = 1; lastKnownFileType = text.xcconfig; name = Pods.debug.xcconfig; path = "Pods/Target Support Files/Pods/Pods.debug.xcconfig"; sourceTree = "<group>"; };
		6A3C53EDF178EBFF1A8B6D88 /* libPods.a */ = {isa = PBXFileReference; explicitFileType = archive.ar; includeInIndex = 0; path = libPods.a; sourceTree = BUILT_PRODUCTS_DIR; };
		7404E2B103E0516C53F26443 /* Pods.release.xcconfig */ = {isa = PBXFileReference; includeInIndex = 1; lastKnownFileType = text.xcconfig; name = Pods.release.xcconfig; path = "Pods/Target Support Files/Pods/Pods.release.xcconfig"; sourceTree = "<group>"; };
/* End PBXFileReference section */

/* Begin PBXFrameworksBuildPhase section */
		1D60E5DE1ADDB392003A632B /* Frameworks */ = {
			isa = PBXFrameworksBuildPhase;
			buildActionMask = 2147483647;
			files = (
				02041B8F1AE8D9C800B09561 /* CoreLocation.framework in Frameworks */,
				02BFC56D1ADF7B1E00D0DF30 /* SystemConfiguration.framework in Frameworks */,
				02BFC56B1ADF7A3700D0DF30 /* libssl.a in Frameworks */,
				33B20F42452F1A1432ECAF26 /* libPods.a in Frameworks */,
				02BFC5691ADF7A3700D0DF30 /* AlipaySDK.framework in Frameworks */,
				02BFC56A1ADF7A3700D0DF30 /* libcrypto.a in Frameworks */,
			);
			runOnlyForDeploymentPostprocessing = 0;
		};
		1D60E5FA1ADDB392003A632B /* Frameworks */ = {
			isa = PBXFrameworksBuildPhase;
			buildActionMask = 2147483647;
			files = (
			);
			runOnlyForDeploymentPostprocessing = 0;
		};
/* End PBXFrameworksBuildPhase section */

/* Begin PBXGroup section */
		02240C921AE6392F00EEB7AF /* zaojiao */ = {
			isa = PBXGroup;
			children = (
				02240C961AE6398F00EEB7AF /* ZaoJiaoStoryboard.storyboard */,
				02240C9E1AE639DC00EEB7AF /* TTZaojiaoViewController.h */,
				02240C9F1AE639DC00EEB7AF /* TTZaojiaoViewController.m */,
			);
			name = zaojiao;
			sourceTree = "<group>";
		};
		02240C931AE6394700EEB7AF /* wo */ = {
			isa = PBXGroup;
			children = (
				02240C9C1AE639C000EEB7AF /* WoStoryboard.storyboard */,
				02240CA71AE63A1900EEB7AF /* TTWoViewController.h */,
				02240CA81AE63A1900EEB7AF /* TTWoViewController.m */,
				02041B7D1AE8BD1100B09561 /* TTWoLableTableViewCell.h */,
				02041B7E1AE8BD1100B09561 /* TTWoLableTableViewCell.m */,
				02041B811AE8BD1E00B09561 /* TTWoButtonTableViewCell.h */,
				02041B821AE8BD1E00B09561 /* TTWoButtonTableViewCell.m */,
				02041B851AE8BD2800B09561 /* TTWoBackTableViewCell.h */,
				02041B861AE8BD2800B09561 /* TTWoBackTableViewCell.m */,
			);
			name = wo;
			sourceTree = "<group>";
		};
		02240C941AE6394B00EEB7AF /* lamajie */ = {
			isa = PBXGroup;
			children = (
				02240C9A1AE639B500EEB7AF /* LaMaJieStoryboard.storyboard */,
				02240CA41AE639FB00EEB7AF /* TTLaMaViewController.h */,
				02240CA51AE639FB00EEB7AF /* TTLaMaViewController.m */,
				020999D51AE91DC800093608 /* citydict.plist */,
				020999D61AE91DC800093608 /* CityListViewController.h */,
				020999D71AE91DC800093608 /* CityListViewController.m */,
			);
			name = lamajie;
			sourceTree = "<group>";
		};
		02240C951AE6395000EEB7AF /* dongtai */ = {
			isa = PBXGroup;
			children = (
				1D3FE2B61AEE86A7006D66FC /* DynamicCell */,
				1D3FE2B51AEE8691006D66FC /* Models */,
				1DD95FB61AED0CB100C15215 /* TTDongTaiViewController.h */,
				1DD95FB71AED0CB100C15215 /* TTDongTaiViewController.m */,
				1D4754F91AEB2450004EDEED /* DongTaiStoryboard.storyboard */,
			);
			name = dongtai;
			sourceTree = "<group>";
		};
		02BFC4E01ADF662500D0DF30 /* Utilities */ = {
			isa = PBXGroup;
			children = (
				1DDF4EAA1AE3B712004661EB /* CitySelect */,
				1DDF4EA61AE3AA7E004661EB /* JSImagePickerController */,
				02BFC56E1ADF903500D0DF30 /* CoreDataStorage */,
				02BFC4F01ADF689900D0DF30 /* FileHelper */,
				02BFC4EE1ADF683F00D0DF30 /* Constants */,
				02BFC4E11ADF662500D0DF30 /* Networking */,
			);
			path = Utilities;
			sourceTree = "<group>";
		};
		02BFC4E11ADF662500D0DF30 /* Networking */ = {
			isa = PBXGroup;
			children = (
				02BFC4E81ADF668100D0DF30 /* JSONHelper.h */,
				02BFC4E91ADF668100D0DF30 /* JSONHelper.m */,
				02BFC4EA1ADF668100D0DF30 /* NetworkHelper.h */,
				02BFC4EB1ADF668100D0DF30 /* NetworkHelper.m */,
				02BFC4E21ADF662500D0DF30 /* AFAppDotNetAPIClient.h */,
				02BFC4E31ADF662500D0DF30 /* AFAppDotNetAPIClient.m */,
				02BFC4E41ADF662500D0DF30 /* AFNetworkActivityLogger.h */,
				02BFC4E51ADF662500D0DF30 /* AFNetworkActivityLogger.m */,
			);
			path = Networking;
			sourceTree = "<group>";
		};
		02BFC4EE1ADF683F00D0DF30 /* Constants */ = {
			isa = PBXGroup;
			children = (
				02BFC4EF1ADF684C00D0DF30 /* Constants.h */,
			);
			path = Constants;
			sourceTree = "<group>";
		};
		02BFC4F01ADF689900D0DF30 /* FileHelper */ = {
			isa = PBXGroup;
			children = (
				02BFC4F11ADF689900D0DF30 /* FileManagerHelper.h */,
				02BFC4F21ADF689900D0DF30 /* FileManagerHelper.m */,
			);
			path = FileHelper;
			sourceTree = "<group>";
		};
		02BFC4F41ADF7A3700D0DF30 /* IntegratedAlipay */ = {
			isa = PBXGroup;
			children = (
				02BFC4F51ADF7A3700D0DF30 /* AlipayFiles */,
				02BFC5591ADF7A3700D0DF30 /* AlipaySDK */,
			);
			path = IntegratedAlipay;
			sourceTree = SOURCE_ROOT;
		};
		02BFC4F51ADF7A3700D0DF30 /* AlipayFiles */ = {
			isa = PBXGroup;
			children = (
				02BFC4F61ADF7A3700D0DF30 /* AlipayHeader.h */,
				02BFC4F71ADF7A3700D0DF30 /* AlipayRequestConfig.h */,
				02BFC4F81ADF7A3700D0DF30 /* AlipayRequestConfig.m */,
				02BFC4F91ADF7A3700D0DF30 /* openssl */,
				02BFC5451ADF7A3700D0DF30 /* Order.h */,
				02BFC5461ADF7A3700D0DF30 /* Order.m */,
				02BFC5471ADF7A3700D0DF30 /* Util */,
			);
			path = AlipayFiles;
			sourceTree = "<group>";
		};
		02BFC4F91ADF7A3700D0DF30 /* openssl */ = {
			isa = PBXGroup;
			children = (
				02BFC4FA1ADF7A3700D0DF30 /* aes.h */,
				02BFC4FB1ADF7A3700D0DF30 /* asn1.h */,
				02BFC4FC1ADF7A3700D0DF30 /* asn1_mac.h */,
				02BFC4FD1ADF7A3700D0DF30 /* asn1t.h */,
				02BFC4FE1ADF7A3700D0DF30 /* bio.h */,
				02BFC4FF1ADF7A3700D0DF30 /* blowfish.h */,
				02BFC5001ADF7A3700D0DF30 /* bn.h */,
				02BFC5011ADF7A3700D0DF30 /* buffer.h */,
				02BFC5021ADF7A3700D0DF30 /* camellia.h */,
				02BFC5031ADF7A3700D0DF30 /* cast.h */,
				02BFC5041ADF7A3700D0DF30 /* cmac.h */,
				02BFC5051ADF7A3700D0DF30 /* cms.h */,
				02BFC5061ADF7A3700D0DF30 /* comp.h */,
				02BFC5071ADF7A3700D0DF30 /* conf.h */,
				02BFC5081ADF7A3700D0DF30 /* conf_api.h */,
				02BFC5091ADF7A3700D0DF30 /* crypto.h */,
				02BFC50A1ADF7A3700D0DF30 /* des.h */,
				02BFC50B1ADF7A3700D0DF30 /* des_old.h */,
				02BFC50C1ADF7A3700D0DF30 /* dh.h */,
				02BFC50D1ADF7A3700D0DF30 /* dsa.h */,
				02BFC50E1ADF7A3700D0DF30 /* dso.h */,
				02BFC50F1ADF7A3700D0DF30 /* dtls1.h */,
				02BFC5101ADF7A3700D0DF30 /* e_os2.h */,
				02BFC5111ADF7A3700D0DF30 /* ebcdic.h */,
				02BFC5121ADF7A3700D0DF30 /* ec.h */,
				02BFC5131ADF7A3700D0DF30 /* ecdh.h */,
				02BFC5141ADF7A3700D0DF30 /* ecdsa.h */,
				02BFC5151ADF7A3700D0DF30 /* engine.h */,
				02BFC5161ADF7A3700D0DF30 /* err.h */,
				02BFC5171ADF7A3700D0DF30 /* evp.h */,
				02BFC5181ADF7A3700D0DF30 /* hmac.h */,
				02BFC5191ADF7A3700D0DF30 /* idea.h */,
				02BFC51A1ADF7A3700D0DF30 /* krb5_asn.h */,
				02BFC51B1ADF7A3700D0DF30 /* kssl.h */,
				02BFC51C1ADF7A3700D0DF30 /* lhash.h */,
				02BFC51D1ADF7A3700D0DF30 /* md4.h */,
				02BFC51E1ADF7A3700D0DF30 /* md5.h */,
				02BFC51F1ADF7A3700D0DF30 /* mdc2.h */,
				02BFC5201ADF7A3700D0DF30 /* modes.h */,
				02BFC5211ADF7A3700D0DF30 /* obj_mac.h */,
				02BFC5221ADF7A3700D0DF30 /* objects.h */,
				02BFC5231ADF7A3700D0DF30 /* ocsp.h */,
				02BFC5241ADF7A3700D0DF30 /* opensslconf.h */,
				02BFC5251ADF7A3700D0DF30 /* opensslv.h */,
				02BFC5261ADF7A3700D0DF30 /* ossl_typ.h */,
				02BFC5271ADF7A3700D0DF30 /* pem.h */,
				02BFC5281ADF7A3700D0DF30 /* pem2.h */,
				02BFC5291ADF7A3700D0DF30 /* pkcs12.h */,
				02BFC52A1ADF7A3700D0DF30 /* pkcs7.h */,
				02BFC52B1ADF7A3700D0DF30 /* pqueue.h */,
				02BFC52C1ADF7A3700D0DF30 /* rand.h */,
				02BFC52D1ADF7A3700D0DF30 /* rc2.h */,
				02BFC52E1ADF7A3700D0DF30 /* rc4.h */,
				02BFC52F1ADF7A3700D0DF30 /* ripemd.h */,
				02BFC5301ADF7A3700D0DF30 /* rsa.h */,
				02BFC5311ADF7A3700D0DF30 /* safestack.h */,
				02BFC5321ADF7A3700D0DF30 /* seed.h */,
				02BFC5331ADF7A3700D0DF30 /* sha.h */,
				02BFC5341ADF7A3700D0DF30 /* srp.h */,
				02BFC5351ADF7A3700D0DF30 /* srtp.h */,
				02BFC5361ADF7A3700D0DF30 /* ssl.h */,
				02BFC5371ADF7A3700D0DF30 /* ssl2.h */,
				02BFC5381ADF7A3700D0DF30 /* ssl23.h */,
				02BFC5391ADF7A3700D0DF30 /* ssl3.h */,
				02BFC53A1ADF7A3700D0DF30 /* stack.h */,
				02BFC53B1ADF7A3700D0DF30 /* symhacks.h */,
				02BFC53C1ADF7A3700D0DF30 /* tls1.h */,
				02BFC53D1ADF7A3700D0DF30 /* ts.h */,
				02BFC53E1ADF7A3700D0DF30 /* txt_db.h */,
				02BFC53F1ADF7A3700D0DF30 /* ui.h */,
				02BFC5401ADF7A3700D0DF30 /* ui_compat.h */,
				02BFC5411ADF7A3700D0DF30 /* whrlpool.h */,
				02BFC5421ADF7A3700D0DF30 /* x509.h */,
				02BFC5431ADF7A3700D0DF30 /* x509_vfy.h */,
				02BFC5441ADF7A3700D0DF30 /* x509v3.h */,
			);
			path = openssl;
			sourceTree = "<group>";
		};
		02BFC5471ADF7A3700D0DF30 /* Util */ = {
			isa = PBXGroup;
			children = (
				02BFC5481ADF7A3700D0DF30 /* base64.h */,
				02BFC5491ADF7A3700D0DF30 /* base64.m */,
				02BFC54A1ADF7A3700D0DF30 /* config.h */,
				02BFC54B1ADF7A3700D0DF30 /* DataSigner.h */,
				02BFC54C1ADF7A3700D0DF30 /* DataSigner.m */,
				02BFC54D1ADF7A3700D0DF30 /* DataVerifier.h */,
				02BFC54E1ADF7A3700D0DF30 /* DataVerifier.m */,
				02BFC54F1ADF7A3700D0DF30 /* MD5DataSigner.h */,
				02BFC5501ADF7A3700D0DF30 /* MD5DataSigner.m */,
				02BFC5511ADF7A3700D0DF30 /* NSDataEx.h */,
				02BFC5521ADF7A3700D0DF30 /* NSDataEx.m */,
				02BFC5531ADF7A3700D0DF30 /* openssl_wrapper.h */,
				02BFC5541ADF7A3700D0DF30 /* openssl_wrapper.m */,
				02BFC5551ADF7A3700D0DF30 /* RSADataSigner.h */,
				02BFC5561ADF7A3700D0DF30 /* RSADataSigner.m */,
				02BFC5571ADF7A3700D0DF30 /* RSADataVerifier.h */,
				02BFC5581ADF7A3700D0DF30 /* RSADataVerifier.m */,
			);
			path = Util;
			sourceTree = "<group>";
		};
		02BFC5591ADF7A3700D0DF30 /* AlipaySDK */ = {
			isa = PBXGroup;
			children = (
				02BFC55A1ADF7A3700D0DF30 /* AlipaySDK.bundle */,
				02BFC55B1ADF7A3700D0DF30 /* AlipaySDK.framework */,
				02BFC55C1ADF7A3700D0DF30 /* libcrypto.a */,
				02BFC55D1ADF7A3700D0DF30 /* libssl.a */,
			);
			path = AlipaySDK;
			sourceTree = "<group>";
		};
		02BFC56E1ADF903500D0DF30 /* CoreDataStorage */ = {
			isa = PBXGroup;
			children = (
				02BFC5751ADF903500D0DF30 /* CoreDataStorageController.h */,
				02BFC5761ADF903500D0DF30 /* CoreDataStorageController.m */,
			);
			path = CoreDataStorage;
			sourceTree = "<group>";
		};
		0F6AE2E41AE775B40004AD05 /* TabbarPage */ = {
			isa = PBXGroup;
			children = (
				0F6AE2E51AE7765B0004AD05 /* TTTabBarController.h */,
				0F6AE2E61AE7765B0004AD05 /* TTTabBarController.m */,
			);
			name = TabbarPage;
			sourceTree = "<group>";
		};
		0FAD38F21AEDDB9100644273 /* LamaModel */ = {
			isa = PBXGroup;
			children = (
				0F7C06CA1AEA1B120020ACBA /* LamaModel.h */,
				0F7C06CB1AEA1B120020ACBA /* LamaModel.m */,
				0F7C06CD1AEA216C0020ACBA /* LamaTotalModel.h */,
				0F7C06CE1AEA216C0020ACBA /* LamaTotalModel.m */,
			);
			name = LamaModel;
			sourceTree = "<group>";
		};
		1D018E0C1AE15F6200696F25 /* BaseClass */ = {
			isa = PBXGroup;
			children = (
				1D018E0D1AE15F8900696F25 /* TTBaseViewController.h */,
				1D018E0E1AE15F8900696F25 /* TTBaseViewController.m */,
				1D018E2F1AE20DE300696F25 /* TTBaseNavgationController.h */,
				1D018E301AE20DE300696F25 /* TTBaseNavgationController.m */,
				1D018E321AE20E0F00696F25 /* TTBaseTableViewController.h */,
				1D018E331AE20E0F00696F25 /* TTBaseTableViewController.m */,
			);
			name = BaseClass;
			sourceTree = "<group>";
		};
		1D018E101AE1602E00696F25 /* Models */ = {
			isa = PBXGroup;
			children = (
				0FAD38F21AEDDB9100644273 /* LamaModel */,
				1D47550B1AEB3140004EDEED /* BlogModel */,
				1DC7C5CF1AE632F300346732 /* RegSecond */,
				1DC7C5C81AE4B32E00346732 /* RegMsg */,
				1D018E111AE1603E00696F25 /* UserModel */,
			);
			name = Models;
			sourceTree = "<group>";
		};
		1D018E111AE1603E00696F25 /* UserModel */ = {
			isa = PBXGroup;
			children = (
				1D018E121AE1622900696F25 /* UserModel.h */,
				1D018E131AE1622900696F25 /* UserModel.m */,
			);
			name = UserModel;
			sourceTree = "<group>";
		};
		1D018E151AE1AB9000696F25 /* Category */ = {
			isa = PBXGroup;
			children = (
				1D3FE2C01AEE8818006D66FC /* UIImageView+MoreAttribute.h */,
				1D3FE2C11AEE8818006D66FC /* UIImageView+MoreAttribute.m */,
				1D018E161AE1AC1600696F25 /* UIAlertView+MoreAttribute.h */,
				1D018E171AE1AC1600696F25 /* UIAlertView+MoreAttribute.m */,
				1DC7C5CC1AE502DE00346732 /* UIImage+MoreAttribute.h */,
				1DC7C5CD1AE502DE00346732 /* UIImage+MoreAttribute.m */,
			);
			name = Category;
			sourceTree = "<group>";
		};
		1D018E191AE1C8CE00696F25 /* Tools */ = {
			isa = PBXGroup;
			children = (
				1D018E1A1AE1C91A00696F25 /* TTUserModelTool.h */,
				1D018E1B1AE1C91A00696F25 /* TTUserModelTool.m */,
				1D57E1A61AE6E4A100EA3D35 /* TTCityMngTool.h */,
				1D57E1A71AE6E4A100EA3D35 /* TTCityMngTool.m */,
			);
			name = Tools;
			sourceTree = "<group>";
		};
		1D018E351AE20E3D00696F25 /* RegeistPage */ = {
			isa = PBXGroup;
			children = (
				1D018E391AE20EEA00696F25 /* TTRegeistViewController.h */,
				1D018E3A1AE20EEA00696F25 /* TTRegeistViewController.m */,
				1DDF4E8C1AE26C82004661EB /* TTRealRegisitViewController.h */,
				1DDF4E8D1AE26C82004661EB /* TTRealRegisitViewController.m */,
			);
			name = RegeistPage;
			sourceTree = "<group>";
		};
		1D018E3C1AE218DC00696F25 /* Views */ = {
			isa = PBXGroup;
			children = (
				1D57E1A91AE74FED00EA3D35 /* CustomDatePicker.xib */,
				1D57E1AB1AE7511E00EA3D35 /* CustomDatePicker.h */,
				1D57E1AC1AE7511E00EA3D35 /* CustomDatePicker.m */,
				0F7C06D01AEA2A0C0020ACBA /* LamaTableViewCell.h */,
				0F7C06D11AEA2A0C0020ACBA /* LamaTableViewCell.m */,
			);
			name = Views;
			sourceTree = "<group>";
		};
		1D1F2BEC1ADF98F9004F851D /* Controllers */ = {
			isa = PBXGroup;
			children = (
				0F6AE2E41AE775B40004AD05 /* TabbarPage */,
				02240C921AE6392F00EEB7AF /* zaojiao */,
				02240C951AE6395000EEB7AF /* dongtai */,
				02240C941AE6394B00EEB7AF /* lamajie */,
				02240C931AE6394700EEB7AF /* wo */,
				1D018E351AE20E3D00696F25 /* RegeistPage */,
				1D1F2C031AE0ABB9004F851D /* LogonPage */,
				1D1F2BFF1AE099B9004F851D /* LogRegPage */,
				1D1F2BED1ADF9977004F851D /* MainPage */,
			);
			name = Controllers;
			sourceTree = "<group>";
		};
		1D1F2BED1ADF9977004F851D /* MainPage */ = {
			isa = PBXGroup;
			children = (
				1D018E361AE20EC500696F25 /* TTNavigationController.h */,
				1D018E371AE20EC500696F25 /* TTNavigationController.m */,
				1D60E5EE1ADDB392003A632B /* TTMainPageViewController.h */,
				1D60E5EF1ADDB392003A632B /* TTMainPageViewController.m */,
			);
			name = MainPage;
			sourceTree = "<group>";
		};
		1D1F2BFF1AE099B9004F851D /* LogRegPage */ = {
			isa = PBXGroup;
			children = (
				1D1F2C001AE09A66004F851D /* TTLogRegViewController.h */,
				1D1F2C011AE09A66004F851D /* TTLogRegViewController.m */,
			);
			name = LogRegPage;
			sourceTree = "<group>";
		};
		1D1F2C031AE0ABB9004F851D /* LogonPage */ = {
			isa = PBXGroup;
			children = (
				1D1F2C041AE0AECA004F851D /* TTLogonViewController.h */,
				1D1F2C051AE0AECA004F851D /* TTLogonViewController.m */,
			);
			name = LogonPage;
			sourceTree = "<group>";
		};
		1D1F2C071AE10B7A004F851D /* Common */ = {
			isa = PBXGroup;
			children = (
				1D018E191AE1C8CE00696F25 /* Tools */,
				1D018E151AE1AB9000696F25 /* Category */,
				1D018E0C1AE15F6200696F25 /* BaseClass */,
				1D1F2C081AE10B91004F851D /* Constants */,
			);
			name = Common;
			sourceTree = "<group>";
		};
		1D1F2C081AE10B91004F851D /* Constants */ = {
			isa = PBXGroup;
			children = (
				1D1F2C091AE10BAF004F851D /* TTWebServerAPI.h */,
			);
			name = Constants;
			sourceTree = "<group>";
		};
		1D3FE2B51AEE8691006D66FC /* Models */ = {
			isa = PBXGroup;
			children = (
				1D3FE2B71AEE8708006D66FC /* TTBlogFrame.h */,
				1D3FE2B81AEE8708006D66FC /* TTBlogFrame.m */,
				1D44C8971AEF3AD200D2FC93 /* TTCommentFrame.h */,
				1D44C8981AEF3AD200D2FC93 /* TTCommentFrame.m */,
			);
			name = Models;
			sourceTree = "<group>";
		};
		1D3FE2B61AEE86A7006D66FC /* DynamicCell */ = {
			isa = PBXGroup;
			children = (
				1D3FE2BD1AEE8718006D66FC /* TTDyanmicUserStautsCell.h */,
				1D3FE2BE1AEE8718006D66FC /* TTDyanmicUserStautsCell.m */,
				1D3FE2BA1AEE8712006D66FC /* TTDynamicUserStatusTopView.h */,
				1D3FE2BB1AEE8712006D66FC /* TTDynamicUserStatusTopView.m */,
				1D44C88E1AEEE10100D2FC93 /* TTDaynamicUserStatusZancountView.h */,
				1D44C88F1AEEE10100D2FC93 /* TTDaynamicUserStatusZancountView.m */,
				1D44C8911AEF210700D2FC93 /* TTDynamicPhotosView.h */,
				1D44C8921AEF210700D2FC93 /* TTDynamicPhotosView.m */,
				1D44C89A1AEF3D9D00D2FC93 /* TTDynamicCommentView.h */,
				1D44C89B1AEF3D9D00D2FC93 /* TTDynamicCommentView.m */,
				1D44C89D1AEF411A00D2FC93 /* TTDynamicCommentsView.h */,
				1D44C89E1AEF411A00D2FC93 /* TTDynamicCommentsView.m */,
			);
			name = DynamicCell;
			sourceTree = "<group>";
		};
		1D47550B1AEB3140004EDEED /* BlogModel */ = {
			isa = PBXGroup;
			children = (
				1D4755071AEB2493004EDEED /* BlogModel.h */,
				1D4755081AEB2493004EDEED /* BlogModel.m */,
				1D47550C1AEB317D004EDEED /* BlogReplayModel.h */,
				1D47550D1AEB317D004EDEED /* BlogReplayModel.m */,
			);
			name = BlogModel;
			sourceTree = "<group>";
		};
		1D60E5D81ADDB392003A632B = {
			isa = PBXGroup;
			children = (
				1D60E5E31ADDB392003A632B /* TTzaojiao */,
				1D60E6001ADDB392003A632B /* TTzaojiaoTests */,
				1D60E5E21ADDB392003A632B /* Products */,
				826DD09FD905B189E025009C /* Pods */,
				BEEBD2BE5CF12C4233149FB7 /* Frameworks */,
			);
			sourceTree = "<group>";
		};
		1D60E5E21ADDB392003A632B /* Products */ = {
			isa = PBXGroup;
			children = (
				1D60E5E11ADDB392003A632B /* TTzaojiao.app */,
				1D60E5FD1ADDB392003A632B /* TTzaojiaoTests.xctest */,
			);
			name = Products;
			sourceTree = "<group>";
		};
		1D60E5E31ADDB392003A632B /* TTzaojiao */ = {
			isa = PBXGroup;
			children = (
				1D018E3C1AE218DC00696F25 /* Views */,
				1D018E101AE1602E00696F25 /* Models */,
				1D1F2C071AE10B7A004F851D /* Common */,
				1D1F2BEC1ADF98F9004F851D /* Controllers */,
				02BFC4F41ADF7A3700D0DF30 /* IntegratedAlipay */,
				02BFC4E01ADF662500D0DF30 /* Utilities */,
				1D60E5E81ADDB392003A632B /* AppDelegate.h */,
				1D60E5E91ADDB392003A632B /* AppDelegate.m */,
				1D60E5F11ADDB392003A632B /* Main.storyboard */,
				1D60E5F41ADDB392003A632B /* Images.xcassets */,
				1D60E5F61ADDB392003A632B /* LaunchScreen.xib */,
				1D60E5EB1ADDB392003A632B /* TTzaojiao.xcdatamodeld */,
				1D60E5E41ADDB392003A632B /* Supporting Files */,
			);
			path = TTzaojiao;
			sourceTree = "<group>";
		};
		1D60E5E41ADDB392003A632B /* Supporting Files */ = {
			isa = PBXGroup;
			children = (
				1D60E5E51ADDB392003A632B /* Info.plist */,
				1D60E5E61ADDB392003A632B /* main.m */,
			);
			name = "Supporting Files";
			sourceTree = "<group>";
		};
		1D60E6001ADDB392003A632B /* TTzaojiaoTests */ = {
			isa = PBXGroup;
			children = (
				1D60E6031ADDB392003A632B /* TTzaojiaoTests.m */,
				1D60E6011ADDB392003A632B /* Supporting Files */,
			);
			path = TTzaojiaoTests;
			sourceTree = "<group>";
		};
		1D60E6011ADDB392003A632B /* Supporting Files */ = {
			isa = PBXGroup;
			children = (
				1D60E6021ADDB392003A632B /* Info.plist */,
			);
			name = "Supporting Files";
			sourceTree = "<group>";
		};
		1DC7C5C81AE4B32E00346732 /* RegMsg */ = {
			isa = PBXGroup;
			children = (
				1DC7C5C91AE4B36300346732 /* RegMsgFirst.h */,
				1DC7C5CA1AE4B36300346732 /* RegMsgFirst.m */,
			);
			name = RegMsg;
			sourceTree = "<group>";
		};
		1DC7C5CF1AE632F300346732 /* RegSecond */ = {
			isa = PBXGroup;
			children = (
				1DC7C5D01AE6331700346732 /* RegMsgSecond.h */,
				1DC7C5D11AE6331700346732 /* RegMsgSecond.m */,
			);
			name = RegSecond;
			sourceTree = "<group>";
		};
		1DDF4EA61AE3AA7E004661EB /* JSImagePickerController */ = {
			isa = PBXGroup;
			children = (
				1DDF4EA71AE3AA7E004661EB /* JSImagePickerViewController.h */,
				1DDF4EA81AE3AA7E004661EB /* JSImagePickerViewController.m */,
			);
			path = JSImagePickerController;
			sourceTree = "<group>";
		};
		1DDF4EAA1AE3B712004661EB /* CitySelect */ = {
			isa = PBXGroup;
			children = (
				1DDF4EAB1AE3B712004661EB /* img */,
				1DDF4EB31AE3B712004661EB /* ProvincesAndCities.plist */,
				1DDF4EB41AE3B712004661EB /* TSLocateView.h */,
				1DDF4EB51AE3B712004661EB /* TSLocateView.m */,
				1DDF4EB61AE3B712004661EB /* TSLocateView.xib */,
				1DDF4EB71AE3B712004661EB /* TSLocation.h */,
				1DDF4EB81AE3B712004661EB /* TSLocation.m */,
			);
			path = CitySelect;
			sourceTree = "<group>";
		};
		1DDF4EAB1AE3B712004661EB /* img */ = {
			isa = PBXGroup;
			children = (
				1DDF4EAC1AE3B712004661EB /* bg_023@2x.png */,
				1DDF4EAD1AE3B712004661EB /* btn_020.disable@2x.png */,
				1DDF4EAE1AE3B712004661EB /* btn_020.press@2x.png */,
				1DDF4EAF1AE3B712004661EB /* btn_020@2x.png */,
				1DDF4EB01AE3B712004661EB /* btn_021.disable@2x.png */,
				1DDF4EB11AE3B712004661EB /* btn_021.press@2x.png */,
				1DDF4EB21AE3B712004661EB /* btn_021@2x.png */,
			);
			path = img;
			sourceTree = "<group>";
		};
		826DD09FD905B189E025009C /* Pods */ = {
			isa = PBXGroup;
			children = (
				3CDF8365E2437F4D88B10312 /* Pods.debug.xcconfig */,
				7404E2B103E0516C53F26443 /* Pods.release.xcconfig */,
			);
			name = Pods;
			sourceTree = "<group>";
		};
		BEEBD2BE5CF12C4233149FB7 /* Frameworks */ = {
			isa = PBXGroup;
			children = (
				02041B8E1AE8D9C800B09561 /* CoreLocation.framework */,
				02BFC56C1ADF7B1E00D0DF30 /* SystemConfiguration.framework */,
				6A3C53EDF178EBFF1A8B6D88 /* libPods.a */,
			);
			name = Frameworks;
			sourceTree = "<group>";
		};
/* End PBXGroup section */

/* Begin PBXNativeTarget section */
		1D60E5E01ADDB392003A632B /* TTzaojiao */ = {
			isa = PBXNativeTarget;
			buildConfigurationList = 1D60E6071ADDB392003A632B /* Build configuration list for PBXNativeTarget "TTzaojiao" */;
			buildPhases = (
				70D99780B80359B2AB7FBEDA /* Check Pods Manifest.lock */,
				1D60E5DD1ADDB392003A632B /* Sources */,
				1D60E5DE1ADDB392003A632B /* Frameworks */,
				1D60E5DF1ADDB392003A632B /* Resources */,
				D7CD5AB655B5669D7320BCBA /* Copy Pods Resources */,
			);
			buildRules = (
			);
			dependencies = (
			);
			name = TTzaojiao;
			productName = TTzaojiao;
			productReference = 1D60E5E11ADDB392003A632B /* TTzaojiao.app */;
			productType = "com.apple.product-type.application";
		};
		1D60E5FC1ADDB392003A632B /* TTzaojiaoTests */ = {
			isa = PBXNativeTarget;
			buildConfigurationList = 1D60E60A1ADDB392003A632B /* Build configuration list for PBXNativeTarget "TTzaojiaoTests" */;
			buildPhases = (
				1D60E5F91ADDB392003A632B /* Sources */,
				1D60E5FA1ADDB392003A632B /* Frameworks */,
				1D60E5FB1ADDB392003A632B /* Resources */,
			);
			buildRules = (
			);
			dependencies = (
				1D60E5FF1ADDB392003A632B /* PBXTargetDependency */,
			);
			name = TTzaojiaoTests;
			productName = TTzaojiaoTests;
			productReference = 1D60E5FD1ADDB392003A632B /* TTzaojiaoTests.xctest */;
			productType = "com.apple.product-type.bundle.unit-test";
		};
/* End PBXNativeTarget section */

/* Begin PBXProject section */
		1D60E5D91ADDB392003A632B /* Project object */ = {
			isa = PBXProject;
			attributes = {
				LastUpgradeCheck = 0610;
				ORGANIZATIONNAME = hegf;
				TargetAttributes = {
					1D60E5E01ADDB392003A632B = {
						CreatedOnToolsVersion = 6.1.1;
					};
					1D60E5FC1ADDB392003A632B = {
						CreatedOnToolsVersion = 6.1.1;
						TestTargetID = 1D60E5E01ADDB392003A632B;
					};
				};
			};
			buildConfigurationList = 1D60E5DC1ADDB392003A632B /* Build configuration list for PBXProject "TTzaojiao" */;
			compatibilityVersion = "Xcode 3.2";
			developmentRegion = English;
			hasScannedForEncodings = 0;
			knownRegions = (
				en,
				Base,
			);
			mainGroup = 1D60E5D81ADDB392003A632B;
			productRefGroup = 1D60E5E21ADDB392003A632B /* Products */;
			projectDirPath = "";
			projectRoot = "";
			targets = (
				1D60E5E01ADDB392003A632B /* TTzaojiao */,
				1D60E5FC1ADDB392003A632B /* TTzaojiaoTests */,
			);
		};
/* End PBXProject section */

/* Begin PBXResourcesBuildPhase section */
		1D60E5DF1ADDB392003A632B /* Resources */ = {
			isa = PBXResourcesBuildPhase;
			buildActionMask = 2147483647;
			files = (
				1DDF4EBC1AE3B712004661EB /* btn_020@2x.png in Resources */,
				02240C971AE6398F00EEB7AF /* ZaoJiaoStoryboard.storyboard in Resources */,
				1DDF4EB91AE3B712004661EB /* bg_023@2x.png in Resources */,
				1D60E5F31ADDB392003A632B /* Main.storyboard in Resources */,
				1DDF4EBA1AE3B712004661EB /* btn_020.disable@2x.png in Resources */,
				020999D81AE91DC800093608 /* citydict.plist in Resources */,
				1DDF4EBE1AE3B712004661EB /* btn_021.press@2x.png in Resources */,
				1DDF4EBD1AE3B712004661EB /* btn_021.disable@2x.png in Resources */,
				1D60E5F81ADDB392003A632B /* LaunchScreen.xib in Resources */,
				02BFC5681ADF7A3700D0DF30 /* AlipaySDK.bundle in Resources */,
				1D60E5F51ADDB392003A632B /* Images.xcassets in Resources */,
				02240C9D1AE639C000EEB7AF /* WoStoryboard.storyboard in Resources */,
				1DDF4EBF1AE3B712004661EB /* btn_021@2x.png in Resources */,
				1DDF4EBB1AE3B712004661EB /* btn_020.press@2x.png in Resources */,
				1D4754FA1AEB2450004EDEED /* DongTaiStoryboard.storyboard in Resources */,
				1DDF4EC01AE3B712004661EB /* ProvincesAndCities.plist in Resources */,
				1DDF4EC21AE3B712004661EB /* TSLocateView.xib in Resources */,
				1D57E1AA1AE74FED00EA3D35 /* CustomDatePicker.xib in Resources */,
				02240C9B1AE639B500EEB7AF /* LaMaJieStoryboard.storyboard in Resources */,
			);
			runOnlyForDeploymentPostprocessing = 0;
		};
		1D60E5FB1ADDB392003A632B /* Resources */ = {
			isa = PBXResourcesBuildPhase;
			buildActionMask = 2147483647;
			files = (
				020999D91AE91DC800093608 /* citydict.plist in Resources */,
			);
			runOnlyForDeploymentPostprocessing = 0;
		};
/* End PBXResourcesBuildPhase section */

/* Begin PBXShellScriptBuildPhase section */
		70D99780B80359B2AB7FBEDA /* Check Pods Manifest.lock */ = {
			isa = PBXShellScriptBuildPhase;
			buildActionMask = 2147483647;
			files = (
			);
			inputPaths = (
			);
			name = "Check Pods Manifest.lock";
			outputPaths = (
			);
			runOnlyForDeploymentPostprocessing = 0;
			shellPath = /bin/sh;
			shellScript = "diff \"${PODS_ROOT}/../Podfile.lock\" \"${PODS_ROOT}/Manifest.lock\" > /dev/null\nif [[ $? != 0 ]] ; then\n    cat << EOM\nerror: The sandbox is not in sync with the Podfile.lock. Run 'pod install' or update your CocoaPods installation.\nEOM\n    exit 1\nfi\n";
			showEnvVarsInLog = 0;
		};
		D7CD5AB655B5669D7320BCBA /* Copy Pods Resources */ = {
			isa = PBXShellScriptBuildPhase;
			buildActionMask = 2147483647;
			files = (
			);
			inputPaths = (
			);
			name = "Copy Pods Resources";
			outputPaths = (
			);
			runOnlyForDeploymentPostprocessing = 0;
			shellPath = /bin/sh;
			shellScript = "\"${SRCROOT}/Pods/Target Support Files/Pods/Pods-resources.sh\"\n";
			showEnvVarsInLog = 0;
		};
/* End PBXShellScriptBuildPhase section */

/* Begin PBXSourcesBuildPhase section */
		1D60E5DD1ADDB392003A632B /* Sources */ = {
			isa = PBXSourcesBuildPhase;
			buildActionMask = 2147483647;
			files = (
				02BFC5601ADF7A3700D0DF30 /* base64.m in Sources */,
				1D60E5ED1ADDB392003A632B /* TTzaojiao.xcdatamodeld in Sources */,
				02BFC5671ADF7A3700D0DF30 /* RSADataVerifier.m in Sources */,
				1D3FE2C21AEE8818006D66FC /* UIImageView+MoreAttribute.m in Sources */,
				02041B871AE8BD2800B09561 /* TTWoBackTableViewCell.m in Sources */,
				1D60E5EA1ADDB392003A632B /* AppDelegate.m in Sources */,
				1D47550E1AEB317D004EDEED /* BlogReplayModel.m in Sources */,
				1D60E5F01ADDB392003A632B /* TTMainPageViewController.m in Sources */,
				1D44C8901AEEE10100D2FC93 /* TTDaynamicUserStatusZancountView.m in Sources */,
				1D44C8991AEF3AD200D2FC93 /* TTCommentFrame.m in Sources */,
				1DC7C5CE1AE502DE00346732 /* UIImage+MoreAttribute.m in Sources */,
				020999DA1AE91DC800093608 /* CityListViewController.m in Sources */,
				02BFC4F31ADF689900D0DF30 /* FileManagerHelper.m in Sources */,
				0F6AE2E71AE7765B0004AD05 /* TTTabBarController.m in Sources */,
				1DC7C5D21AE6331700346732 /* RegMsgSecond.m in Sources */,
				1D44C8931AEF210700D2FC93 /* TTDynamicPhotosView.m in Sources */,
				02BFC5651ADF7A3700D0DF30 /* openssl_wrapper.m in Sources */,
				1D018E3B1AE20EEA00696F25 /* TTRegeistViewController.m in Sources */,
				02BFC5661ADF7A3700D0DF30 /* RSADataSigner.m in Sources */,
				1D018E1C1AE1C91A00696F25 /* TTUserModelTool.m in Sources */,
				0F7C06D21AEA2A0C0020ACBA /* LamaTableViewCell.m in Sources */,
				1D018E0F1AE15F8900696F25 /* TTBaseViewController.m in Sources */,
				02240CA91AE63A1900EEB7AF /* TTWoViewController.m in Sources */,
				1D018E381AE20EC500696F25 /* TTNavigationController.m in Sources */,
				02BFC4E61ADF662500D0DF30 /* AFAppDotNetAPIClient.m in Sources */,
				02BFC57E1ADF903500D0DF30 /* CoreDataStorageController.m in Sources */,
				1D44C89F1AEF411A00D2FC93 /* TTDynamicCommentsView.m in Sources */,
				1D3FE2BC1AEE8712006D66FC /* TTDynamicUserStatusTopView.m in Sources */,
				02BFC55E1ADF7A3700D0DF30 /* AlipayRequestConfig.m in Sources */,
				1D018E311AE20DE300696F25 /* TTBaseNavgationController.m in Sources */,
				02BFC4ED1ADF668100D0DF30 /* NetworkHelper.m in Sources */,
				02BFC4E71ADF662500D0DF30 /* AFNetworkActivityLogger.m in Sources */,
				02041B831AE8BD1E00B09561 /* TTWoButtonTableViewCell.m in Sources */,
				1DDF4E8E1AE26C82004661EB /* TTRealRegisitViewController.m in Sources */,
				1D018E141AE1622900696F25 /* UserModel.m in Sources */,
				02240CA01AE639DC00EEB7AF /* TTZaojiaoViewController.m in Sources */,
				02BFC5611ADF7A3700D0DF30 /* DataSigner.m in Sources */,
				02240CA61AE639FB00EEB7AF /* TTLaMaViewController.m in Sources */,
				1DDF4EA91AE3AA7E004661EB /* JSImagePickerViewController.m in Sources */,
				1DC7C5CB1AE4B36300346732 /* RegMsgFirst.m in Sources */,
				02BFC5631ADF7A3700D0DF30 /* MD5DataSigner.m in Sources */,
				02BFC4EC1ADF668100D0DF30 /* JSONHelper.m in Sources */,
				02041B7F1AE8BD1100B09561 /* TTWoLableTableViewCell.m in Sources */,
				1D018E341AE20E0F00696F25 /* TTBaseTableViewController.m in Sources */,
				02BFC55F1ADF7A3700D0DF30 /* Order.m in Sources */,
				1D44C89C1AEF3D9D00D2FC93 /* TTDynamicCommentView.m in Sources */,
				1D57E1AD1AE7511E00EA3D35 /* CustomDatePicker.m in Sources */,
				1D4755091AEB2493004EDEED /* BlogModel.m in Sources */,
				02BFC5641ADF7A3700D0DF30 /* NSDataEx.m in Sources */,
				1DDF4EC11AE3B712004661EB /* TSLocateView.m in Sources */,
				1D57E1A81AE6E4A100EA3D35 /* TTCityMngTool.m in Sources */,
				1D60E5E71ADDB392003A632B /* main.m in Sources */,
				1D1F2C021AE09A66004F851D /* TTLogRegViewController.m in Sources */,
				1D018E181AE1AC1600696F25 /* UIAlertView+MoreAttribute.m in Sources */,
				1DD95FB81AED0CB100C15215 /* TTDongTaiViewController.m in Sources */,
				0F7C06CC1AEA1B120020ACBA /* LamaModel.m in Sources */,
				1D1F2C061AE0AECB004F851D /* TTLogonViewController.m in Sources */,
				02BFC5621ADF7A3700D0DF30 /* DataVerifier.m in Sources */,
				1D3FE2BF1AEE8718006D66FC /* TTDyanmicUserStautsCell.m in Sources */,
				1D3FE2B91AEE8708006D66FC /* TTBlogFrame.m in Sources */,
				1DDF4EC31AE3B712004661EB /* TSLocation.m in Sources */,
				0F7C06CF1AEA216C0020ACBA /* LamaTotalModel.m in Sources */,
			);
			runOnlyForDeploymentPostprocessing = 0;
		};
		1D60E5F91ADDB392003A632B /* Sources */ = {
			isa = PBXSourcesBuildPhase;
			buildActionMask = 2147483647;
			files = (
				02041B881AE8BD2800B09561 /* TTWoBackTableViewCell.m in Sources */,
				02041B841AE8BD1E00B09561 /* TTWoButtonTableViewCell.m in Sources */,
				020999DB1AE91DC800093608 /* CityListViewController.m in Sources */,
				02041B801AE8BD1100B09561 /* TTWoLableTableViewCell.m in Sources */,
				1D60E6041ADDB392003A632B /* TTzaojiaoTests.m in Sources */,
			);
			runOnlyForDeploymentPostprocessing = 0;
		};
/* End PBXSourcesBuildPhase section */

/* Begin PBXTargetDependency section */
		1D60E5FF1ADDB392003A632B /* PBXTargetDependency */ = {
			isa = PBXTargetDependency;
			target = 1D60E5E01ADDB392003A632B /* TTzaojiao */;
			targetProxy = 1D60E5FE1ADDB392003A632B /* PBXContainerItemProxy */;
		};
/* End PBXTargetDependency section */

/* Begin PBXVariantGroup section */
		1D60E5F11ADDB392003A632B /* Main.storyboard */ = {
			isa = PBXVariantGroup;
			children = (
				1D60E5F21ADDB392003A632B /* Base */,
			);
			name = Main.storyboard;
			sourceTree = "<group>";
		};
		1D60E5F61ADDB392003A632B /* LaunchScreen.xib */ = {
			isa = PBXVariantGroup;
			children = (
				1D60E5F71ADDB392003A632B /* Base */,
			);
			name = LaunchScreen.xib;
			sourceTree = "<group>";
		};
/* End PBXVariantGroup section */

/* Begin XCBuildConfiguration section */
		1D60E6051ADDB392003A632B /* Debug */ = {
			isa = XCBuildConfiguration;
			buildSettings = {
				ALWAYS_SEARCH_USER_PATHS = NO;
				CLANG_CXX_LANGUAGE_STANDARD = "gnu++0x";
				CLANG_CXX_LIBRARY = "libc++";
				CLANG_ENABLE_MODULES = YES;
				CLANG_ENABLE_OBJC_ARC = YES;
				CLANG_WARN_BOOL_CONVERSION = YES;
				CLANG_WARN_CONSTANT_CONVERSION = YES;
				CLANG_WARN_DIRECT_OBJC_ISA_USAGE = YES_ERROR;
				CLANG_WARN_EMPTY_BODY = YES;
				CLANG_WARN_ENUM_CONVERSION = YES;
				CLANG_WARN_INT_CONVERSION = YES;
				CLANG_WARN_OBJC_ROOT_CLASS = YES_ERROR;
				CLANG_WARN_UNREACHABLE_CODE = YES;
				CLANG_WARN__DUPLICATE_METHOD_MATCH = YES;
				"CODE_SIGN_IDENTITY[sdk=iphoneos*]" = "iPhone Developer";
				COPY_PHASE_STRIP = NO;
				ENABLE_STRICT_OBJC_MSGSEND = YES;
				GCC_C_LANGUAGE_STANDARD = gnu99;
				GCC_DYNAMIC_NO_PIC = NO;
				GCC_OPTIMIZATION_LEVEL = 0;
				GCC_PREPROCESSOR_DEFINITIONS = (
					"DEBUG=1",
					"$(inherited)",
				);
				GCC_SYMBOLS_PRIVATE_EXTERN = NO;
				GCC_WARN_64_TO_32_BIT_CONVERSION = YES;
				GCC_WARN_ABOUT_RETURN_TYPE = YES_ERROR;
				GCC_WARN_UNDECLARED_SELECTOR = YES;
				GCC_WARN_UNINITIALIZED_AUTOS = YES_AGGRESSIVE;
				GCC_WARN_UNUSED_FUNCTION = YES;
				GCC_WARN_UNUSED_VARIABLE = YES;
				IPHONEOS_DEPLOYMENT_TARGET = 8.1;
				MTL_ENABLE_DEBUG_INFO = YES;
				ONLY_ACTIVE_ARCH = YES;
				SDKROOT = iphoneos;
				TARGETED_DEVICE_FAMILY = "1,2";
			};
			name = Debug;
		};
		1D60E6061ADDB392003A632B /* Release */ = {
			isa = XCBuildConfiguration;
			buildSettings = {
				ALWAYS_SEARCH_USER_PATHS = NO;
				CLANG_CXX_LANGUAGE_STANDARD = "gnu++0x";
				CLANG_CXX_LIBRARY = "libc++";
				CLANG_ENABLE_MODULES = YES;
				CLANG_ENABLE_OBJC_ARC = YES;
				CLANG_WARN_BOOL_CONVERSION = YES;
				CLANG_WARN_CONSTANT_CONVERSION = YES;
				CLANG_WARN_DIRECT_OBJC_ISA_USAGE = YES_ERROR;
				CLANG_WARN_EMPTY_BODY = YES;
				CLANG_WARN_ENUM_CONVERSION = YES;
				CLANG_WARN_INT_CONVERSION = YES;
				CLANG_WARN_OBJC_ROOT_CLASS = YES_ERROR;
				CLANG_WARN_UNREACHABLE_CODE = YES;
				CLANG_WARN__DUPLICATE_METHOD_MATCH = YES;
				"CODE_SIGN_IDENTITY[sdk=iphoneos*]" = "iPhone Developer";
				COPY_PHASE_STRIP = YES;
				ENABLE_NS_ASSERTIONS = NO;
				ENABLE_STRICT_OBJC_MSGSEND = YES;
				GCC_C_LANGUAGE_STANDARD = gnu99;
				GCC_WARN_64_TO_32_BIT_CONVERSION = YES;
				GCC_WARN_ABOUT_RETURN_TYPE = YES_ERROR;
				GCC_WARN_UNDECLARED_SELECTOR = YES;
				GCC_WARN_UNINITIALIZED_AUTOS = YES_AGGRESSIVE;
				GCC_WARN_UNUSED_FUNCTION = YES;
				GCC_WARN_UNUSED_VARIABLE = YES;
				IPHONEOS_DEPLOYMENT_TARGET = 8.1;
				MTL_ENABLE_DEBUG_INFO = NO;
				SDKROOT = iphoneos;
				TARGETED_DEVICE_FAMILY = "1,2";
				VALIDATE_PRODUCT = YES;
			};
			name = Release;
		};
		1D60E6081ADDB392003A632B /* Debug */ = {
			isa = XCBuildConfiguration;
			baseConfigurationReference = 3CDF8365E2437F4D88B10312 /* Pods.debug.xcconfig */;
			buildSettings = {
				ALWAYS_SEARCH_USER_PATHS = YES;
				ASSETCATALOG_COMPILER_APPICON_NAME = AppIcon;
				FRAMEWORK_SEARCH_PATHS = (
					"$(inherited)",
					"$(PROJECT_DIR)/IntegratedAlipay/AlipaySDK",
				);
				HEADER_SEARCH_PATHS = (
					"$(inherited)",
					"\"${PODS_ROOT}/Headers/Public\"",
					"\"${PODS_ROOT}/Headers/Public/AFNetworking\"",
					"$(SRCROOT)/IntegratedAlipay/AlipayFiles",
				);
				INFOPLIST_FILE = TTzaojiao/Info.plist;
				LD_RUNPATH_SEARCH_PATHS = "$(inherited) @executable_path/Frameworks";
				LIBRARY_SEARCH_PATHS = (
					"$(inherited)",
					"$(PROJECT_DIR)/IntegratedAlipay/AlipaySDK",
				);
				PRODUCT_NAME = "$(TARGET_NAME)";
			};
			name = Debug;
		};
		1D60E6091ADDB392003A632B /* Release */ = {
			isa = XCBuildConfiguration;
			baseConfigurationReference = 7404E2B103E0516C53F26443 /* Pods.release.xcconfig */;
			buildSettings = {
				ALWAYS_SEARCH_USER_PATHS = YES;
				ASSETCATALOG_COMPILER_APPICON_NAME = AppIcon;
				FRAMEWORK_SEARCH_PATHS = (
					"$(inherited)",
					"$(PROJECT_DIR)/IntegratedAlipay/AlipaySDK",
				);
				HEADER_SEARCH_PATHS = (
					"$(inherited)",
					"\"${PODS_ROOT}/Headers/Public\"",
					"\"${PODS_ROOT}/Headers/Public/AFNetworking\"",
					"$(SRCROOT)/IntegratedAlipay/AlipayFiles",
				);
				INFOPLIST_FILE = TTzaojiao/Info.plist;
				LD_RUNPATH_SEARCH_PATHS = "$(inherited) @executable_path/Frameworks";
				LIBRARY_SEARCH_PATHS = (
					"$(inherited)",
					"$(PROJECT_DIR)/IntegratedAlipay/AlipaySDK",
				);
				PRODUCT_NAME = "$(TARGET_NAME)";
			};
			name = Release;
		};
		1D60E60B1ADDB392003A632B /* Debug */ = {
			isa = XCBuildConfiguration;
			buildSettings = {
				BUNDLE_LOADER = "$(TEST_HOST)";
				FRAMEWORK_SEARCH_PATHS = (
					"$(SDKROOT)/Developer/Library/Frameworks",
					"$(inherited)",
				);
				GCC_PREPROCESSOR_DEFINITIONS = (
					"DEBUG=1",
					"$(inherited)",
				);
				INFOPLIST_FILE = TTzaojiaoTests/Info.plist;
				LD_RUNPATH_SEARCH_PATHS = "$(inherited) @executable_path/Frameworks @loader_path/Frameworks";
				PRODUCT_NAME = "$(TARGET_NAME)";
				TEST_HOST = "$(BUILT_PRODUCTS_DIR)/TTzaojiao.app/TTzaojiao";
			};
			name = Debug;
		};
		1D60E60C1ADDB392003A632B /* Release */ = {
			isa = XCBuildConfiguration;
			buildSettings = {
				BUNDLE_LOADER = "$(TEST_HOST)";
				FRAMEWORK_SEARCH_PATHS = (
					"$(SDKROOT)/Developer/Library/Frameworks",
					"$(inherited)",
				);
				INFOPLIST_FILE = TTzaojiaoTests/Info.plist;
				LD_RUNPATH_SEARCH_PATHS = "$(inherited) @executable_path/Frameworks @loader_path/Frameworks";
				PRODUCT_NAME = "$(TARGET_NAME)";
				TEST_HOST = "$(BUILT_PRODUCTS_DIR)/TTzaojiao.app/TTzaojiao";
			};
			name = Release;
		};
/* End XCBuildConfiguration section */

/* Begin XCConfigurationList section */
		1D60E5DC1ADDB392003A632B /* Build configuration list for PBXProject "TTzaojiao" */ = {
			isa = XCConfigurationList;
			buildConfigurations = (
				1D60E6051ADDB392003A632B /* Debug */,
				1D60E6061ADDB392003A632B /* Release */,
			);
			defaultConfigurationIsVisible = 0;
			defaultConfigurationName = Release;
		};
		1D60E6071ADDB392003A632B /* Build configuration list for PBXNativeTarget "TTzaojiao" */ = {
			isa = XCConfigurationList;
			buildConfigurations = (
				1D60E6081ADDB392003A632B /* Debug */,
				1D60E6091ADDB392003A632B /* Release */,
			);
			defaultConfigurationIsVisible = 0;
			defaultConfigurationName = Release;
		};
		1D60E60A1ADDB392003A632B /* Build configuration list for PBXNativeTarget "TTzaojiaoTests" */ = {
			isa = XCConfigurationList;
			buildConfigurations = (
				1D60E60B1ADDB392003A632B /* Debug */,
				1D60E60C1ADDB392003A632B /* Release */,
			);
			defaultConfigurationIsVisible = 0;
			defaultConfigurationName = Release;
		};
/* End XCConfigurationList section */

/* Begin XCVersionGroup section */
		1D60E5EB1ADDB392003A632B /* TTzaojiao.xcdatamodeld */ = {
			isa = XCVersionGroup;
			children = (
				1D60E5EC1ADDB392003A632B /* TTzaojiao.xcdatamodel */,
			);
			currentVersion = 1D60E5EC1ADDB392003A632B /* TTzaojiao.xcdatamodel */;
			path = TTzaojiao.xcdatamodeld;
			sourceTree = "<group>";
			versionGroupType = wrapper.xcdatamodel;
		};
/* End XCVersionGroup section */
	};
	rootObject = 1D60E5D91ADDB392003A632B /* Project object */;
}
