PODS:
  - AFNetworking (2.5.1):
    - AFNetworking/NSURLConnection (= 2.5.1)
    - AFNetworking/NSURLSession (= 2.5.1)
    - AFNetworking/Reachability (= 2.5.1)
    - AFNetworking/Security (= 2.5.1)
    - AFNetworking/Serialization (= 2.5.1)
    - AFNetworking/UIKit (= 2.5.1)
  - AFNetworking/NSURLConnection (2.5.1):
    - AFNetworking/Reachability
    - AFNetworking/Security
    - AFNetworking/Serialization
  - AFNetworking/NSURLSession (2.5.1):
    - AFNetworking/Reachability
    - AFNetworking/Security
    - AFNetworking/Serialization
  - AFNetworking/Reachability (2.5.1)
  - AFNetworking/Security (2.5.1)
  - AFNetworking/Serialization (2.5.1)
  - AFNetworking/UIKit (2.5.1):
    - AFNetworking/NSURLConnection
    - AFNetworking/NSURLSession
  - BSImagePicker (0.7)
  - CXAlertView (1.1.0)
  - HSDatePickerViewController (1.0.0)
  - ImagePlayerView (1.0.2)
  - MBProgressHUD (0.9.1)
  - MBTwitterScroll (0.1)
  - MJRefresh (1.3.5)
  - RDVTabBarController (1.1.9)
  - SDWebImage (3.7.1):
    - SDWebImage/Core (= 3.7.1)
  - SDWebImage/Core (3.7.1)
  - SKSplashView (0.1.0)
  - ZWIntroductionViewController (0.1)

DEPENDENCIES:
  - AFNetworking (~> 2.5.0)
  - BSImagePicker
  - CXAlertView (~> 1.1.0)
  - HSDatePickerViewController (~> 1.0)
  - ImagePlayerView
  - MBProgressHUD (~> 0.9.1)
  - MBTwitterScroll
  - MJRefresh
  - RDVTabBarController
  - SDWebImage (~> 3.7)
  - SKSplashView
  - ZWIntroductionViewController

SPEC CHECKSUMS:
  AFNetworking: 8bee59492a6ff15d69130efa4d0dc67e0094a52a
  BSImagePicker: 85c0b89cc3eec3ca994dfc9ae43a9fe0e0c18174
  CXAlertView: 6375319a666da09835508d349800fbc88ab6cb4d
  HSDatePickerViewController: 89c68d5b9e82378517c290c8d0353d0b5a4a6553
  ImagePlayerView: 076806b108ee454ffe543b5d09988d40b3e1a116
  MBProgressHUD: f3747dcbd45a9e855a6b0674550651e0b7ed250c
  MBTwitterScroll: 8b556d3df051f545781ee70215ee864f9c5355a7
  MJRefresh: ae251a20d3410e9bca66accecd5dfde9684ea968
  RDVTabBarController: c1c826e2d2f2e26a5221e425a646d295b9dfe936
  SDWebImage: 116e88633b5b416ea0ca4b334a4ac59cf72dd38d
  SKSplashView: 1cff0ac7bae5539e65b5b638fb25e59a1e43f681
  ZWIntroductionViewController: 85cccb5c03818f6a0f50766ecebe4806c58f78c1

COCOAPODS: 0.36.3
